
Microsoft Visual Studio Solution File, Format Version 12.00
# Visual Studio Version 16
VisualStudioVersion = 16.0.31624.102
MinimumVisualStudioVersion = 10.0.40219.1
Project("{FAE04EC0-301F-11D3-BF4B-00C04F79EFBC}") = "ListFacesExample", "ListFacesExample.csproj", "{9318AB34-D3DF-46B9-8AD4-097279929F25}"
EndProject
Global
	GlobalSection(SolutionConfigurationPlatforms) = preSolution
		Debug|Any CPU = Debug|Any CPU
		Release|Any CPU = Release|Any CPU
	EndGlobalSection
	GlobalSection(ProjectConfigurationPlatforms) = postSolution
		{9318AB34-D3DF-46B9-8AD4-097279929F25}.Debug|Any CPU.ActiveCfg = Debug|Any CPU
		{9318AB34-D3DF-46B9-8AD4-097279929F25}.Debug|Any CPU.Build.0 = Debug|Any CPU
		{9318AB34-D3DF-46B9-8AD4-097279929F25}.Release|Any CPU.ActiveCfg = Release|Any CPU
		{9318AB34-D3DF-46B9-8AD4-097279929F25}.Release|Any CPU.Build.0 = Release|Any CPU
	EndGlobalSection
	GlobalSection(SolutionProperties) = preSolution
		HideSolutionNode = FALSE
	EndGlobalSection
	GlobalSection(ExtensibilityGlobals) = postSolution
		SolutionGuid = {8F632665-DCF2-434A-AD58-3B1F5685D98F}
	EndGlobalSection
EndGlobal
