
Microsoft Visual Studio Solution File, Format Version 12.00
# Visual Studio 15
VisualStudioVersion = 15.0.26124.0
MinimumVisualStudioVersion = 15.0.26124.0
Project("{FAE04EC0-301F-11D3-BF4B-00C04F79EFBC}") = "CreateBucket", "CreateBucket\CreateBucket.csproj", "{048728C1-64DA-46CA-AF15-2A05601212DE}"
EndProject
Project("{FAE04EC0-301F-11D3-BF4B-00C04F79EFBC}") = "CreateBucketTest", "CreateBucketTest\CreateBucketTest.csproj", "{0A482A0A-905A-43B0-8283-8CA757DB4545}"
EndProject
Global
	GlobalSection(SolutionConfigurationPlatforms) = preSolution
		Debug|Any CPU = Debug|Any CPU
		Debug|x64 = Debug|x64
		Debug|x86 = Debug|x86
		Release|Any CPU = Release|Any CPU
		Release|x64 = Release|x64
		Release|x86 = Release|x86
	EndGlobalSection
	GlobalSection(SolutionProperties) = preSolution
		HideSolutionNode = FALSE
	EndGlobalSection
	GlobalSection(ProjectConfigurationPlatforms) = postSolution
		{048728C1-64DA-46CA-AF15-2A05601212DE}.Debug|Any CPU.ActiveCfg = Debug|Any CPU
		{048728C1-64DA-46CA-AF15-2A05601212DE}.Debug|Any CPU.Build.0 = Debug|Any CPU
		{048728C1-64DA-46CA-AF15-2A05601212DE}.Debug|x64.ActiveCfg = Debug|Any CPU
		{048728C1-64DA-46CA-AF15-2A05601212DE}.Debug|x64.Build.0 = Debug|Any CPU
		{048728C1-64DA-46CA-AF15-2A05601212DE}.Debug|x86.ActiveCfg = Debug|Any CPU
		{048728C1-64DA-46CA-AF15-2A05601212DE}.Debug|x86.Build.0 = Debug|Any CPU
		{048728C1-64DA-46CA-AF15-2A05601212DE}.Release|Any CPU.ActiveCfg = Release|Any CPU
		{048728C1-64DA-46CA-AF15-2A05601212DE}.Release|Any CPU.Build.0 = Release|Any CPU
		{048728C1-64DA-46CA-AF15-2A05601212DE}.Release|x64.ActiveCfg = Release|Any CPU
		{048728C1-64DA-46CA-AF15-2A05601212DE}.Release|x64.Build.0 = Release|Any CPU
		{048728C1-64DA-46CA-AF15-2A05601212DE}.Release|x86.ActiveCfg = Release|Any CPU
		{048728C1-64DA-46CA-AF15-2A05601212DE}.Release|x86.Build.0 = Release|Any CPU
		{0A482A0A-905A-43B0-8283-8CA757DB4545}.Debug|Any CPU.ActiveCfg = Debug|Any CPU
		{0A482A0A-905A-43B0-8283-8CA757DB4545}.Debug|Any CPU.Build.0 = Debug|Any CPU
		{0A482A0A-905A-43B0-8283-8CA757DB4545}.Debug|x64.ActiveCfg = Debug|Any CPU
		{0A482A0A-905A-43B0-8283-8CA757DB4545}.Debug|x64.Build.0 = Debug|Any CPU
		{0A482A0A-905A-43B0-8283-8CA757DB4545}.Debug|x86.ActiveCfg = Debug|Any CPU
		{0A482A0A-905A-43B0-8283-8CA757DB4545}.Debug|x86.Build.0 = Debug|Any CPU
		{0A482A0A-905A-43B0-8283-8CA757DB4545}.Release|Any CPU.ActiveCfg = Release|Any CPU
		{0A482A0A-905A-43B0-8283-8CA757DB4545}.Release|Any CPU.Build.0 = Release|Any CPU
		{0A482A0A-905A-43B0-8283-8CA757DB4545}.Release|x64.ActiveCfg = Release|Any CPU
		{0A482A0A-905A-43B0-8283-8CA757DB4545}.Release|x64.Build.0 = Release|Any CPU
		{0A482A0A-905A-43B0-8283-8CA757DB4545}.Release|x86.ActiveCfg = Release|Any CPU
		{0A482A0A-905A-43B0-8283-8CA757DB4545}.Release|x86.Build.0 = Release|Any CPU
	EndGlobalSection
EndGlobal
