
Microsoft Visual Studio Solution File, Format Version 12.00
# Visual Studio 14
VisualStudioVersion = 14.0.25420.1
MinimumVisualStudioVersion = 10.0.40219.1
Project("{FAE04EC0-301F-11D3-BF4B-00C04F79EFBC}") = "AwsInstanceProfile1", "AwsInstanceProfile1\AwsInstanceProfile1.csproj", "{C34B4882-0280-4EFD-A12A-6E575A93D2B6}"
EndProject
Global
	GlobalSection(SolutionConfigurationPlatforms) = preSolution
		Debug|Any CPU = Debug|Any CPU
		Release|Any CPU = Release|Any CPU
	EndGlobalSection
	GlobalSection(ProjectConfigurationPlatforms) = postSolution
		{C34B4882-0280-4EFD-A12A-6E575A93D2B6}.Debug|Any CPU.ActiveCfg = Debug|Any CPU
		{C34B4882-0280-4EFD-A12A-6E575A93D2B6}.Debug|Any CPU.Build.0 = Debug|Any CPU
		{C34B4882-0280-4EFD-A12A-6E575A93D2B6}.Release|Any CPU.ActiveCfg = Release|Any CPU
		{C34B4882-0280-4EFD-A12A-6E575A93D2B6}.Release|Any CPU.Build.0 = Release|Any CPU
	EndGlobalSection
	GlobalSection(SolutionProperties) = preSolution
		HideSolutionNode = FALSE
	EndGlobalSection
EndGlobal
