
Microsoft Visual Studio Solution File, Format Version 12.00
# Visual Studio Version 16
VisualStudioVersion = 16.0.32002.261
MinimumVisualStudioVersion = 10.0.40219.1
Project("{9A19103F-16F7-4668-BE54-9A1E7A4F7556}") = "S3_BasicsScenario", "S3_BasicsScenario.csproj", "{850F2BC9-12A0-4877-8408-55DD666993F6}"
EndProject
Project("{FAE04EC0-301F-11D3-BF4B-00C04F79EFBC}") = "S3_BasicsScenarioTests", "..\S3_BasicsScenarioTests\S3_BasicsScenarioTests.csproj", "{618FCE34-5E2D-445D-82C5-F1F15BD12D2A}"
EndProject
Global
	GlobalSection(SolutionConfigurationPlatforms) = preSolution
		Debug|Any CPU = Debug|Any CPU
		Release|Any CPU = Release|Any CPU
	EndGlobalSection
	GlobalSection(ProjectConfigurationPlatforms) = postSolution
		{850F2BC9-12A0-4877-8408-55DD666993F6}.Debug|Any CPU.ActiveCfg = Debug|Any CPU
		{850F2BC9-12A0-4877-8408-55DD666993F6}.Debug|Any CPU.Build.0 = Debug|Any CPU
		{850F2BC9-12A0-4877-8408-55DD666993F6}.Release|Any CPU.ActiveCfg = Release|Any CPU
		{850F2BC9-12A0-4877-8408-55DD666993F6}.Release|Any CPU.Build.0 = Release|Any CPU
		{618FCE34-5E2D-445D-82C5-F1F15BD12D2A}.Debug|Any CPU.ActiveCfg = Debug|Any CPU
		{618FCE34-5E2D-445D-82C5-F1F15BD12D2A}.Debug|Any CPU.Build.0 = Debug|Any CPU
		{618FCE34-5E2D-445D-82C5-F1F15BD12D2A}.Release|Any CPU.ActiveCfg = Release|Any CPU
		{618FCE34-5E2D-445D-82C5-F1F15BD12D2A}.Release|Any CPU.Build.0 = Release|Any CPU
	EndGlobalSection
	GlobalSection(SolutionProperties) = preSolution
		HideSolutionNode = FALSE
	EndGlobalSection
	GlobalSection(ExtensibilityGlobals) = postSolution
		SolutionGuid = {D0E73819-8D37-418A-A352-E997912E8EEE}
	EndGlobalSection
EndGlobal
