
Microsoft Visual Studio Solution File, Format Version 12.00
# Visual Studio Version 16
VisualStudioVersion = 16.0.31729.503
MinimumVisualStudioVersion = 10.0.40219.1
Project("{FAE04EC0-301F-11D3-BF4B-00C04F79EFBC}") = "CreateGrantExample", "CreateGrantExample.csproj", "{2A01A205-327C-42F0-8219-834A71B0AB8A}"
EndProject
Global
	GlobalSection(SolutionConfigurationPlatforms) = preSolution
		Debug|Any CPU = Debug|Any CPU
		Release|Any CPU = Release|Any CPU
	EndGlobalSection
	GlobalSection(ProjectConfigurationPlatforms) = postSolution
		{2A01A205-327C-42F0-8219-834A71B0AB8A}.Debug|Any CPU.ActiveCfg = Debug|Any CPU
		{2A01A205-327C-42F0-8219-834A71B0AB8A}.Debug|Any CPU.Build.0 = Debug|Any CPU
		{2A01A205-327C-42F0-8219-834A71B0AB8A}.Release|Any CPU.ActiveCfg = Release|Any CPU
		{2A01A205-327C-42F0-8219-834A71B0AB8A}.Release|Any CPU.Build.0 = Release|Any CPU
	EndGlobalSection
	GlobalSection(SolutionProperties) = preSolution
		HideSolutionNode = FALSE
	EndGlobalSection
	GlobalSection(ExtensibilityGlobals) = postSolution
		SolutionGuid = {D105BE72-6B46-4C0C-B8CD-ED014FB01353}
	EndGlobalSection
EndGlobal
