
Microsoft Visual Studio Solution File, Format Version 12.00
# Visual Studio Version 17
VisualStudioVersion = 17.2.32630.192
MinimumVisualStudioVersion = 10.0.40219.1
Project("{9A19103F-16F7-4668-BE54-9A1E7A4F7556}") = "AuroraItemTracker", "AuroraItemTracker\AuroraItemTracker.csproj", "{2283C9F8-AE47-4DCD-ADFB-4C7860026FE1}"
EndProject
Project("{9A19103F-16F7-4668-BE54-9A1E7A4F7556}") = "ItemTrackerTests", "ItemTrackerTests\ItemTrackerTests.csproj", "{2C7CD5E2-D59E-46A4-BD39-A3A2A0C63959}"
EndProject
Global
	GlobalSection(SolutionConfigurationPlatforms) = preSolution
		Debug|Any CPU = Debug|Any CPU
		Release|Any CPU = Release|Any CPU
	EndGlobalSection
	GlobalSection(ProjectConfigurationPlatforms) = postSolution
		{2283C9F8-AE47-4DCD-ADFB-4C7860026FE1}.Debug|Any CPU.ActiveCfg = Debug|Any CPU
		{2283C9F8-AE47-4DCD-ADFB-4C7860026FE1}.Debug|Any CPU.Build.0 = Debug|Any CPU
		{2283C9F8-AE47-4DCD-ADFB-4C7860026FE1}.Release|Any CPU.ActiveCfg = Release|Any CPU
		{2283C9F8-AE47-4DCD-ADFB-4C7860026FE1}.Release|Any CPU.Build.0 = Release|Any CPU
		{2C7CD5E2-D59E-46A4-BD39-A3A2A0C63959}.Debug|Any CPU.ActiveCfg = Debug|Any CPU
		{2C7CD5E2-D59E-46A4-BD39-A3A2A0C63959}.Debug|Any CPU.Build.0 = Debug|Any CPU
		{2C7CD5E2-D59E-46A4-BD39-A3A2A0C63959}.Release|Any CPU.ActiveCfg = Release|Any CPU
		{2C7CD5E2-D59E-46A4-BD39-A3A2A0C63959}.Release|Any CPU.Build.0 = Release|Any CPU
	EndGlobalSection
	GlobalSection(SolutionProperties) = preSolution
		HideSolutionNode = FALSE
	EndGlobalSection
	GlobalSection(ExtensibilityGlobals) = postSolution
		SolutionGuid = {4A1C29D6-D2F3-494C-8D5C-F35F22FC2FC9}
	EndGlobalSection
EndGlobal
