
Microsoft Visual Studio Solution File, Format Version 12.00
# Visual Studio Version 16
VisualStudioVersion = 16.0.31829.152
MinimumVisualStudioVersion = 10.0.40219.1
Project("{FAE04EC0-301F-11D3-BF4B-00C04F79EFBC}") = "TrackMPUUsingHighLevelAPIExample", "TrackMPUUsingHighLevelAPIExample.csproj", "{9F38FE41-2AE8-4FAB-8367-F0C46B1F1652}"
EndProject
Global
	GlobalSection(SolutionConfigurationPlatforms) = preSolution
		Debug|Any CPU = Debug|Any CPU
		Release|Any CPU = Release|Any CPU
	EndGlobalSection
	GlobalSection(ProjectConfigurationPlatforms) = postSolution
		{9F38FE41-2AE8-4FAB-8367-F0C46B1F1652}.Debug|Any CPU.ActiveCfg = Debug|Any CPU
		{9F38FE41-2AE8-4FAB-8367-F0C46B1F1652}.Debug|Any CPU.Build.0 = Debug|Any CPU
		{9F38FE41-2AE8-4FAB-8367-F0C46B1F1652}.Release|Any CPU.ActiveCfg = Release|Any CPU
		{9F38FE41-2AE8-4FAB-8367-F0C46B1F1652}.Release|Any CPU.Build.0 = Release|Any CPU
	EndGlobalSection
	GlobalSection(SolutionProperties) = preSolution
		HideSolutionNode = FALSE
	EndGlobalSection
	GlobalSection(ExtensibilityGlobals) = postSolution
		SolutionGuid = {5283EC98-CE16-4310-8174-E7CEA07F3211}
	EndGlobalSection
EndGlobal
