
Microsoft Visual Studio Solution File, Format Version 12.00
# Visual Studio Version 16
VisualStudioVersion = 16.0.31729.503
MinimumVisualStudioVersion = 10.0.40219.1
Project("{FAE04EC0-301F-11D3-BF4B-00C04F79EFBC}") = "SubscribePublishTranslate", "SubscribePublishTranslate\SubscribePublishTranslate.csproj", "{1177FE3A-220A-4E74-B662-9566122F0B5C}"
EndProject
Global
	GlobalSection(SolutionConfigurationPlatforms) = preSolution
		Debug|Any CPU = Debug|Any CPU
		Release|Any CPU = Release|Any CPU
	EndGlobalSection
	GlobalSection(ProjectConfigurationPlatforms) = postSolution
		{1177FE3A-220A-4E74-B662-9566122F0B5C}.Debug|Any CPU.ActiveCfg = Debug|Any CPU
		{1177FE3A-220A-4E74-B662-9566122F0B5C}.Debug|Any CPU.Build.0 = Debug|Any CPU
		{1177FE3A-220A-4E74-B662-9566122F0B5C}.Release|Any CPU.ActiveCfg = Release|Any CPU
		{1177FE3A-220A-4E74-B662-9566122F0B5C}.Release|Any CPU.Build.0 = Release|Any CPU
	EndGlobalSection
	GlobalSection(SolutionProperties) = preSolution
		HideSolutionNode = FALSE
	EndGlobalSection
	GlobalSection(ExtensibilityGlobals) = postSolution
		SolutionGuid = {5CBDA228-F767-4D90-8BC5-B743D1271FE5}
	EndGlobalSection
EndGlobal
