
Microsoft Visual Studio Solution File, Format Version 12.00
# Visual Studio Version 16
VisualStudioVersion = 16.0.31829.152
MinimumVisualStudioVersion = 10.0.40219.1
Project("{FAE04EC0-301F-11D3-BF4B-00C04F79EFBC}") = "DeleteObjectVersionExample", "DeleteObjectVersionExample.csproj", "{613B5A9A-7062-43DD-8514-4908782AACC2}"
EndProject
Global
	GlobalSection(SolutionConfigurationPlatforms) = preSolution
		Debug|Any CPU = Debug|Any CPU
		Release|Any CPU = Release|Any CPU
	EndGlobalSection
	GlobalSection(ProjectConfigurationPlatforms) = postSolution
		{613B5A9A-7062-43DD-8514-4908782AACC2}.Debug|Any CPU.ActiveCfg = Debug|Any CPU
		{613B5A9A-7062-43DD-8514-4908782AACC2}.Debug|Any CPU.Build.0 = Debug|Any CPU
		{613B5A9A-7062-43DD-8514-4908782AACC2}.Release|Any CPU.ActiveCfg = Release|Any CPU
		{613B5A9A-7062-43DD-8514-4908782AACC2}.Release|Any CPU.Build.0 = Release|Any CPU
	EndGlobalSection
	GlobalSection(SolutionProperties) = preSolution
		HideSolutionNode = FALSE
	EndGlobalSection
	GlobalSection(ExtensibilityGlobals) = postSolution
		SolutionGuid = {C08A2837-FAC6-4CC3-81F8-839ECDFE8C3A}
	EndGlobalSection
EndGlobal
