
Microsoft Visual Studio Solution File, Format Version 12.00
# Visual Studio Version 16
VisualStudioVersion = 16.0.32407.337
MinimumVisualStudioVersion = 10.0.40219.1
Project("{9A19103F-16F7-4668-BE54-9A1E7A4F7556}") = "LowLevelScan", "LowLevelScan.csproj", "{ADD1A369-4147-48D9-8D03-98E042C8DFC0}"
EndProject
Global
	GlobalSection(SolutionConfigurationPlatforms) = preSolution
		Debug|Any CPU = Debug|Any CPU
		Release|Any CPU = Release|Any CPU
	EndGlobalSection
	GlobalSection(ProjectConfigurationPlatforms) = postSolution
		{ADD1A369-4147-48D9-8D03-98E042C8DFC0}.Debug|Any CPU.ActiveCfg = Debug|Any CPU
		{ADD1A369-4147-48D9-8D03-98E042C8DFC0}.Debug|Any CPU.Build.0 = Debug|Any CPU
		{ADD1A369-4147-48D9-8D03-98E042C8DFC0}.Release|Any CPU.ActiveCfg = Release|Any CPU
		{ADD1A369-4147-48D9-8D03-98E042C8DFC0}.Release|Any CPU.Build.0 = Release|Any CPU
	EndGlobalSection
	GlobalSection(SolutionProperties) = preSolution
		HideSolutionNode = FALSE
	EndGlobalSection
	GlobalSection(ExtensibilityGlobals) = postSolution
		SolutionGuid = {977AE72F-4CD4-48E6-BB05-FAAE68465928}
	EndGlobalSection
EndGlobal
