
Microsoft Visual Studio Solution File, Format Version 12.00
# Visual Studio Version 16
VisualStudioVersion = 16.0.31911.196
MinimumVisualStudioVersion = 10.0.40219.1
Project("{FAE04EC0-301F-11D3-BF4B-00C04F79EFBC}") = "TranslateTextExample", "TranslateTextExample.csproj", "{A4F54043-A1AE-440E-91F1-806CD5F725B7}"
EndProject
Global
	GlobalSection(SolutionConfigurationPlatforms) = preSolution
		Debug|Any CPU = Debug|Any CPU
		Release|Any CPU = Release|Any CPU
	EndGlobalSection
	GlobalSection(ProjectConfigurationPlatforms) = postSolution
		{A4F54043-A1AE-440E-91F1-806CD5F725B7}.Debug|Any CPU.ActiveCfg = Debug|Any CPU
		{A4F54043-A1AE-440E-91F1-806CD5F725B7}.Debug|Any CPU.Build.0 = Debug|Any CPU
		{A4F54043-A1AE-440E-91F1-806CD5F725B7}.Release|Any CPU.ActiveCfg = Release|Any CPU
		{A4F54043-A1AE-440E-91F1-806CD5F725B7}.Release|Any CPU.Build.0 = Release|Any CPU
	EndGlobalSection
	GlobalSection(SolutionProperties) = preSolution
		HideSolutionNode = FALSE
	EndGlobalSection
	GlobalSection(ExtensibilityGlobals) = postSolution
		SolutionGuid = {93AD61EE-573F-4B27-BC83-2B9E34386280}
	EndGlobalSection
EndGlobal
