
Microsoft Visual Studio Solution File, Format Version 12.00
# Visual Studio Version 16
VisualStudioVersion = 16.0.31729.503
MinimumVisualStudioVersion = 10.0.40219.1
Project("{FAE04EC0-301F-11D3-BF4B-00C04F79EFBC}") = "CreateVaultExample", "CreateVaultExample.csproj", "{C5CD63C4-4A11-4609-909A-E2D3CD0AF4CA}"
EndProject
Global
	GlobalSection(SolutionConfigurationPlatforms) = preSolution
		Debug|Any CPU = Debug|Any CPU
		Release|Any CPU = Release|Any CPU
	EndGlobalSection
	GlobalSection(ProjectConfigurationPlatforms) = postSolution
		{C5CD63C4-4A11-4609-909A-E2D3CD0AF4CA}.Debug|Any CPU.ActiveCfg = Debug|Any CPU
		{C5CD63C4-4A11-4609-909A-E2D3CD0AF4CA}.Debug|Any CPU.Build.0 = Debug|Any CPU
		{C5CD63C4-4A11-4609-909A-E2D3CD0AF4CA}.Release|Any CPU.ActiveCfg = Release|Any CPU
		{C5CD63C4-4A11-4609-909A-E2D3CD0AF4CA}.Release|Any CPU.Build.0 = Release|Any CPU
	EndGlobalSection
	GlobalSection(SolutionProperties) = preSolution
		HideSolutionNode = FALSE
	EndGlobalSection
	GlobalSection(ExtensibilityGlobals) = postSolution
		SolutionGuid = {8A66FB48-CEC8-4D37-951F-ECBC09D57249}
	EndGlobalSection
EndGlobal
