
Microsoft Visual Studio Solution File, Format Version 12.00
# Visual Studio Version 17
VisualStudioVersion = 17.3.32901.215
MinimumVisualStudioVersion = 10.0.40219.1
Project("{9A19103F-16F7-4668-BE54-9A1E7A4F7556}") = "LambdaIncrement", "src\LambdaIncrement\LambdaIncrement.csproj", "{9734EC6F-7523-4761-84C8-BE2A16B21ECB}"
EndProject
Global
	GlobalSection(SolutionConfigurationPlatforms) = preSolution
		Debug|Any CPU = Debug|Any CPU
		Release|Any CPU = Release|Any CPU
	EndGlobalSection
	GlobalSection(ProjectConfigurationPlatforms) = postSolution
		{9734EC6F-7523-4761-84C8-BE2A16B21ECB}.Debug|Any CPU.ActiveCfg = Debug|Any CPU
		{9734EC6F-7523-4761-84C8-BE2A16B21ECB}.Debug|Any CPU.Build.0 = Debug|Any CPU
		{9734EC6F-7523-4761-84C8-BE2A16B21ECB}.Release|Any CPU.ActiveCfg = Release|Any CPU
		{9734EC6F-7523-4761-84C8-BE2A16B21ECB}.Release|Any CPU.Build.0 = Release|Any CPU
	EndGlobalSection
	GlobalSection(SolutionProperties) = preSolution
		HideSolutionNode = FALSE
	EndGlobalSection
	GlobalSection(ExtensibilityGlobals) = postSolution
		SolutionGuid = {92FAAF50-240F-48E2-8124-DCC57D27AEAE}
	EndGlobalSection
EndGlobal
