
Microsoft Visual Studio Solution File, Format Version 12.00
# Visual Studio Version 16
VisualStudioVersion = 16.0.31729.503
MinimumVisualStudioVersion = 10.0.40219.1
Project("{FAE04EC0-301F-11D3-BF4B-00C04F79EFBC}") = "CopyObjectExample", "CopyObjectExample.csproj", "{F1F563D9-CEDF-4569-B9FA-E7451F9C0EE1}"
EndProject
Global
	GlobalSection(SolutionConfigurationPlatforms) = preSolution
		Debug|Any CPU = Debug|Any CPU
		Release|Any CPU = Release|Any CPU
	EndGlobalSection
	GlobalSection(ProjectConfigurationPlatforms) = postSolution
		{F1F563D9-CEDF-4569-B9FA-E7451F9C0EE1}.Debug|Any CPU.ActiveCfg = Debug|Any CPU
		{F1F563D9-CEDF-4569-B9FA-E7451F9C0EE1}.Debug|Any CPU.Build.0 = Debug|Any CPU
		{F1F563D9-CEDF-4569-B9FA-E7451F9C0EE1}.Release|Any CPU.ActiveCfg = Release|Any CPU
		{F1F563D9-CEDF-4569-B9FA-E7451F9C0EE1}.Release|Any CPU.Build.0 = Release|Any CPU
	EndGlobalSection
	GlobalSection(SolutionProperties) = preSolution
		HideSolutionNode = FALSE
	EndGlobalSection
	GlobalSection(ExtensibilityGlobals) = postSolution
		SolutionGuid = {70CC7F6F-BF46-46F4-87F4-9B904044CFB7}
	EndGlobalSection
EndGlobal
