
Microsoft Visual Studio Solution File, Format Version 12.00
# Visual Studio Version 16
VisualStudioVersion = 16.0.31729.503
MinimumVisualStudioVersion = 10.0.40219.1
Project("{FAE04EC0-301F-11D3-BF4B-00C04F79EFBC}") = "UploadArchiveHighLevelExample", "UploadArchiveHighLevelExample.csproj", "{1D1E97F5-7DC1-46F0-BE56-CF788B9A7ECE}"
EndProject
Global
	GlobalSection(SolutionConfigurationPlatforms) = preSolution
		Debug|Any CPU = Debug|Any CPU
		Release|Any CPU = Release|Any CPU
	EndGlobalSection
	GlobalSection(ProjectConfigurationPlatforms) = postSolution
		{1D1E97F5-7DC1-46F0-BE56-CF788B9A7ECE}.Debug|Any CPU.ActiveCfg = Debug|Any CPU
		{1D1E97F5-7DC1-46F0-BE56-CF788B9A7ECE}.Debug|Any CPU.Build.0 = Debug|Any CPU
		{1D1E97F5-7DC1-46F0-BE56-CF788B9A7ECE}.Release|Any CPU.ActiveCfg = Release|Any CPU
		{1D1E97F5-7DC1-46F0-BE56-CF788B9A7ECE}.Release|Any CPU.Build.0 = Release|Any CPU
	EndGlobalSection
	GlobalSection(SolutionProperties) = preSolution
		HideSolutionNode = FALSE
	EndGlobalSection
	GlobalSection(ExtensibilityGlobals) = postSolution
		SolutionGuid = {28DDC74D-6DAC-418A-A8D1-18CC42E8126D}
	EndGlobalSection
EndGlobal
