
Microsoft Visual Studio Solution File, Format Version 12.00
# Visual Studio Version 17
VisualStudioVersion = 17.2.32526.322
MinimumVisualStudioVersion = 10.0.40219.1
Project("{FAE04EC0-301F-11D3-BF4B-00C04F79EFBC}") = "PartiQL_Batch_Scenario", "PartiQL_Batch_Scenario\PartiQL_Batch_Scenario.csproj", "{25B4026A-A9FF-43C4-BE3A-51A74DF20480}"
EndProject
Project("{FAE04EC0-301F-11D3-BF4B-00C04F79EFBC}") = "PartiQLBatch_Tests", "PartiQLBatch_Tests\PartiQLBatch_Tests.csproj", "{F6040EF0-E774-4EC8-970D-F573F12D70A7}"
EndProject
Global
	GlobalSection(SolutionConfigurationPlatforms) = preSolution
		Debug|Any CPU = Debug|Any CPU
		Release|Any CPU = Release|Any CPU
	EndGlobalSection
	GlobalSection(ProjectConfigurationPlatforms) = postSolution
		{25B4026A-A9FF-43C4-BE3A-51A74DF20480}.Debug|Any CPU.ActiveCfg = Debug|Any CPU
		{25B4026A-A9FF-43C4-BE3A-51A74DF20480}.Debug|Any CPU.Build.0 = Debug|Any CPU
		{25B4026A-A9FF-43C4-BE3A-51A74DF20480}.Release|Any CPU.ActiveCfg = Release|Any CPU
		{25B4026A-A9FF-43C4-BE3A-51A74DF20480}.Release|Any CPU.Build.0 = Release|Any CPU
		{F6040EF0-E774-4EC8-970D-F573F12D70A7}.Debug|Any CPU.ActiveCfg = Debug|Any CPU
		{F6040EF0-E774-4EC8-970D-F573F12D70A7}.Debug|Any CPU.Build.0 = Debug|Any CPU
		{F6040EF0-E774-4EC8-970D-F573F12D70A7}.Release|Any CPU.ActiveCfg = Release|Any CPU
		{F6040EF0-E774-4EC8-970D-F573F12D70A7}.Release|Any CPU.Build.0 = Release|Any CPU
	EndGlobalSection
	GlobalSection(SolutionProperties) = preSolution
		HideSolutionNode = FALSE
	EndGlobalSection
	GlobalSection(ExtensibilityGlobals) = postSolution
		SolutionGuid = {BB7BED60-8F85-4A03-9E9F-4C95A56DCA1D}
	EndGlobalSection
EndGlobal
