
Microsoft Visual Studio Solution File, Format Version 12.00
# Visual Studio Version 16
VisualStudioVersion = 16.0.31624.102
MinimumVisualStudioVersion = 10.0.40219.1
Project("{FAE04EC0-301F-11D3-BF4B-00C04F79EFBC}") = "DeleteFacesExample", "DeleteFacesExample.csproj", "{36A05154-F6A4-4AAE-8512-66417A3C11BF}"
EndProject
Global
	GlobalSection(SolutionConfigurationPlatforms) = preSolution
		Debug|Any CPU = Debug|Any CPU
		Release|Any CPU = Release|Any CPU
	EndGlobalSection
	GlobalSection(ProjectConfigurationPlatforms) = postSolution
		{36A05154-F6A4-4AAE-8512-66417A3C11BF}.Debug|Any CPU.ActiveCfg = Debug|Any CPU
		{36A05154-F6A4-4AAE-8512-66417A3C11BF}.Debug|Any CPU.Build.0 = Debug|Any CPU
		{36A05154-F6A4-4AAE-8512-66417A3C11BF}.Release|Any CPU.ActiveCfg = Release|Any CPU
		{36A05154-F6A4-4AAE-8512-66417A3C11BF}.Release|Any CPU.Build.0 = Release|Any CPU
	EndGlobalSection
	GlobalSection(SolutionProperties) = preSolution
		HideSolutionNode = FALSE
	EndGlobalSection
	GlobalSection(ExtensibilityGlobals) = postSolution
		SolutionGuid = {80D197A7-46FD-4B44-B14C-7C9EEE7003D0}
	EndGlobalSection
EndGlobal
