github.com/Masterminds/semver/v3 v3.1.1 h1:hLg3sBzpNErnxhQtUy/mmLR2I9foDujNK030IGemrRc=
github.com/Masterminds/semver/v3 v3.1.1/go.mod h1:VPu/7SZ7ePZ3QOrcuXROw5FAcLl4a0cBrbBpGY/8hQs=
github.com/aws/aws-cdk-go/awscdk v1.111.0-devpreview h1:RomF/6hPioNhnofaOEm4zNPPTsBAeomPBRRW/HcaAAg=
github.com/aws/aws-cdk-go/awscdk v1.111.0-devpreview/go.mod h1:+wV6ukxHMwtDy9N8DZETTxv6I1zRaA4/UVHxvilcFRs=
github.com/aws/aws-cdk-go/awscdk v1.112.0-devpreview h1:B7NxLPSbGUKrR4H2pCRaJ2kW4W1bn9BOrZ6J0H+uhx4=
github.com/aws/aws-cdk-go/awscdk v1.112.0-devpreview/go.mod h1:+wV6ukxHMwtDy9N8DZETTxv6I1zRaA4/UVHxvilcFRs=
github.com/aws/constructs-go/constructs/v3 v3.3.87 h1:PjTh5wjhB4Sjx58eL03/jgHlP/lxk3ZU3Pzegit+AVU=
github.com/aws/constructs-go/constructs/v3 v3.3.87/go.mod h1:KwR33qDihHU7QlN7QTi0NQh5WfeBHkFXTzrGYtBLUow=
github.com/aws/jsii-runtime-go v1.30.0 h1:KEQ0G78/VVmgRyXKwKdRTbJF2O9VVG39Hv1Y/iROGbo=
github.com/aws/jsii-runtime-go v1.30.0/go.mod h1:6tZnlstx8bAB3vnLFF9n8bbkI//LDblAek9zFyMXV3E=
github.com/davecgh/go-spew v1.1.0/go.mod h1:J7Y8YcW2NihsgmVo/mv3lAwl/skON4iLHjSsI+c5H38=
github.com/pmezard/go-difflib v1.0.0/go.mod h1:iKH77koFhYxTK1pcRnkKkqfTogsbg7gZNVY4sRDYZ/4=
github.com/stretchr/objx v0.1.0/go.mod h1:HFkY916IF+rwdDfMAkV7OtwuqBVzrE8GR6GFx+wExME=
github.com/stretchr/testify v1.7.0/go.mod h1:6Fq8oRcR53rry900zMqJjRRixrwX3KX962/h/Wwjteg=
github.com/tidwall/gjson v1.7.4/go.mod h1:5/xDoumyyDNerp2U36lyolv46b3uF/9Bu6OfyQ9GImk=
github.com/tidwall/match v1.0.3/go.mod h1:eRSPERbgtNPcGhD8UCthc6PmLEQXEWd3PRB5JTxsfmM=
github.com/tidwall/pretty v1.1.0/go.mod h1:XNkn88O1ChpSDQmQeStsy+sBenx6DDtFZJxhVysOjyk=
gopkg.in/check.v1 v0.0.0-20161208181325-20d25e280405/go.mod h1:Co6ibVJAznAaIkqp8huTwlJQCZ016jof/cbN4VW5Yz0=
gopkg.in/yaml.v3 v3.0.0-20200313102051-9f266ea9e77c/go.mod h1:K4uyk7z7BCEPqu6E+C64Yfv1cQ7kz7rIZviUmN+EgEM=
