
Microsoft Visual Studio Solution File, Format Version 12.00
# Visual Studio 15
VisualStudioVersion = 15.0.26124.0
MinimumVisualStudioVersion = 15.0.26124.0
Project("{FAE04EC0-301F-11D3-BF4B-00C04F79EFBC}") = "ListFunctionsExample", "ListFunctionsExample\ListFunctionsExample.csproj", "{704AF48F-8757-4567-BFEF-BC91CBC6CF17}"
EndProject
Project("{FAE04EC0-301F-11D3-BF4B-00C04F79EFBC}") = "ListFunctionsExampleTests", "ListFunctionsExampleTests\ListFunctionsExampleTests.csproj", "{CBE5FD13-ACDB-412E-A1EF-7A02CCA2F0B8}"
EndProject
Global
	GlobalSection(SolutionConfigurationPlatforms) = preSolution
		Debug|Any CPU = Debug|Any CPU
		Debug|x64 = Debug|x64
		Debug|x86 = Debug|x86
		Release|Any CPU = Release|Any CPU
		Release|x64 = Release|x64
		Release|x86 = Release|x86
	EndGlobalSection
	GlobalSection(SolutionProperties) = preSolution
		HideSolutionNode = FALSE
	EndGlobalSection
	GlobalSection(ProjectConfigurationPlatforms) = postSolution
		{704AF48F-8757-4567-BFEF-BC91CBC6CF17}.Debug|Any CPU.ActiveCfg = Debug|Any CPU
		{704AF48F-8757-4567-BFEF-BC91CBC6CF17}.Debug|Any CPU.Build.0 = Debug|Any CPU
		{704AF48F-8757-4567-BFEF-BC91CBC6CF17}.Debug|x64.ActiveCfg = Debug|Any CPU
		{704AF48F-8757-4567-BFEF-BC91CBC6CF17}.Debug|x64.Build.0 = Debug|Any CPU
		{704AF48F-8757-4567-BFEF-BC91CBC6CF17}.Debug|x86.ActiveCfg = Debug|Any CPU
		{704AF48F-8757-4567-BFEF-BC91CBC6CF17}.Debug|x86.Build.0 = Debug|Any CPU
		{704AF48F-8757-4567-BFEF-BC91CBC6CF17}.Release|Any CPU.ActiveCfg = Release|Any CPU
		{704AF48F-8757-4567-BFEF-BC91CBC6CF17}.Release|Any CPU.Build.0 = Release|Any CPU
		{704AF48F-8757-4567-BFEF-BC91CBC6CF17}.Release|x64.ActiveCfg = Release|Any CPU
		{704AF48F-8757-4567-BFEF-BC91CBC6CF17}.Release|x64.Build.0 = Release|Any CPU
		{704AF48F-8757-4567-BFEF-BC91CBC6CF17}.Release|x86.ActiveCfg = Release|Any CPU
		{704AF48F-8757-4567-BFEF-BC91CBC6CF17}.Release|x86.Build.0 = Release|Any CPU
		{CBE5FD13-ACDB-412E-A1EF-7A02CCA2F0B8}.Debug|Any CPU.ActiveCfg = Debug|Any CPU
		{CBE5FD13-ACDB-412E-A1EF-7A02CCA2F0B8}.Debug|Any CPU.Build.0 = Debug|Any CPU
		{CBE5FD13-ACDB-412E-A1EF-7A02CCA2F0B8}.Debug|x64.ActiveCfg = Debug|Any CPU
		{CBE5FD13-ACDB-412E-A1EF-7A02CCA2F0B8}.Debug|x64.Build.0 = Debug|Any CPU
		{CBE5FD13-ACDB-412E-A1EF-7A02CCA2F0B8}.Debug|x86.ActiveCfg = Debug|Any CPU
		{CBE5FD13-ACDB-412E-A1EF-7A02CCA2F0B8}.Debug|x86.Build.0 = Debug|Any CPU
		{CBE5FD13-ACDB-412E-A1EF-7A02CCA2F0B8}.Release|Any CPU.ActiveCfg = Release|Any CPU
		{CBE5FD13-ACDB-412E-A1EF-7A02CCA2F0B8}.Release|Any CPU.Build.0 = Release|Any CPU
		{CBE5FD13-ACDB-412E-A1EF-7A02CCA2F0B8}.Release|x64.ActiveCfg = Release|Any CPU
		{CBE5FD13-ACDB-412E-A1EF-7A02CCA2F0B8}.Release|x64.Build.0 = Release|Any CPU
		{CBE5FD13-ACDB-412E-A1EF-7A02CCA2F0B8}.Release|x86.ActiveCfg = Release|Any CPU
		{CBE5FD13-ACDB-412E-A1EF-7A02CCA2F0B8}.Release|x86.Build.0 = Release|Any CPU
	EndGlobalSection
EndGlobal
