
Microsoft Visual Studio Solution File, Format Version 12.00
# Visual Studio Version 16
VisualStudioVersion = 16.0.31624.102
MinimumVisualStudioVersion = 10.0.40219.1
Project("{FAE04EC0-301F-11D3-BF4B-00C04F79EFBC}") = "DeleteRolePolicyExample", "DeleteRolePolicyExample\DeleteRolePolicyExample.csproj", "{79B11F2C-EE04-43DB-84C4-67EBCE835AB7}"
EndProject
Global
	GlobalSection(SolutionConfigurationPlatforms) = preSolution
		Debug|Any CPU = Debug|Any CPU
		Release|Any CPU = Release|Any CPU
	EndGlobalSection
	GlobalSection(ProjectConfigurationPlatforms) = postSolution
		{79B11F2C-EE04-43DB-84C4-67EBCE835AB7}.Debug|Any CPU.ActiveCfg = Debug|Any CPU
		{79B11F2C-EE04-43DB-84C4-67EBCE835AB7}.Debug|Any CPU.Build.0 = Debug|Any CPU
		{79B11F2C-EE04-43DB-84C4-67EBCE835AB7}.Release|Any CPU.ActiveCfg = Release|Any CPU
		{79B11F2C-EE04-43DB-84C4-67EBCE835AB7}.Release|Any CPU.Build.0 = Release|Any CPU
	EndGlobalSection
	GlobalSection(SolutionProperties) = preSolution
		HideSolutionNode = FALSE
	EndGlobalSection
	GlobalSection(ExtensibilityGlobals) = postSolution
		SolutionGuid = {6C7C2F30-EC41-4DE8-A401-C1337B920DA7}
	EndGlobalSection
EndGlobal
