
Microsoft Visual Studio Solution File, Format Version 12.00
# Visual Studio Version 16
VisualStudioVersion = 16.0.31729.503
MinimumVisualStudioVersion = 10.0.40219.1
Project("{FAE04EC0-301F-11D3-BF4B-00C04F79EFBC}") = "ListKeysExample", "ListKeysExample.csproj", "{2C4A4C25-EEE2-4C68-B497-B9C26D9EE2A1}"
EndProject
Global
	GlobalSection(SolutionConfigurationPlatforms) = preSolution
		Debug|Any CPU = Debug|Any CPU
		Release|Any CPU = Release|Any CPU
	EndGlobalSection
	GlobalSection(ProjectConfigurationPlatforms) = postSolution
		{2C4A4C25-EEE2-4C68-B497-B9C26D9EE2A1}.Debug|Any CPU.ActiveCfg = Debug|Any CPU
		{2C4A4C25-EEE2-4C68-B497-B9C26D9EE2A1}.Debug|Any CPU.Build.0 = Debug|Any CPU
		{2C4A4C25-EEE2-4C68-B497-B9C26D9EE2A1}.Release|Any CPU.ActiveCfg = Release|Any CPU
		{2C4A4C25-EEE2-4C68-B497-B9C26D9EE2A1}.Release|Any CPU.Build.0 = Release|Any CPU
	EndGlobalSection
	GlobalSection(SolutionProperties) = preSolution
		HideSolutionNode = FALSE
	EndGlobalSection
	GlobalSection(ExtensibilityGlobals) = postSolution
		SolutionGuid = {BFFC871E-CE67-4973-80EA-E7A4DC6662EE}
	EndGlobalSection
EndGlobal
