
Microsoft Visual Studio Solution File, Format Version 12.00
# Visual Studio Version 16
VisualStudioVersion = 16.0.31829.152
MinimumVisualStudioVersion = 10.0.40219.1
Project("{FAE04EC0-301F-11D3-BF4B-00C04F79EFBC}") = "DeleteMultipleObjectsExample", "DeleteMultipleObjectsExample.csproj", "{483D57B1-3C2D-417A-A2F5-F72C1F5FE9BF}"
EndProject
Global
	GlobalSection(SolutionConfigurationPlatforms) = preSolution
		Debug|Any CPU = Debug|Any CPU
		Release|Any CPU = Release|Any CPU
	EndGlobalSection
	GlobalSection(ProjectConfigurationPlatforms) = postSolution
		{483D57B1-3C2D-417A-A2F5-F72C1F5FE9BF}.Debug|Any CPU.ActiveCfg = Debug|Any CPU
		{483D57B1-3C2D-417A-A2F5-F72C1F5FE9BF}.Debug|Any CPU.Build.0 = Debug|Any CPU
		{483D57B1-3C2D-417A-A2F5-F72C1F5FE9BF}.Release|Any CPU.ActiveCfg = Release|Any CPU
		{483D57B1-3C2D-417A-A2F5-F72C1F5FE9BF}.Release|Any CPU.Build.0 = Release|Any CPU
	EndGlobalSection
	GlobalSection(SolutionProperties) = preSolution
		HideSolutionNode = FALSE
	EndGlobalSection
	GlobalSection(ExtensibilityGlobals) = postSolution
		SolutionGuid = {F695F87F-DDD3-4640-BE87-1C8995FA7151}
	EndGlobalSection
EndGlobal
