github.com/aws/aws-sdk-go-v2 v1.2.0 h1:BS+UYpbsElC82gB+2E2jiCBg36i8HlubTB/dO/moQ9c=
github.com/aws/aws-sdk-go-v2 v1.2.0/go.mod h1:zEQs02YRBw1DjK0PoJv3ygDYOFTre1ejlJWl8FwAuQo=
github.com/aws/aws-sdk-go-v2/config v1.1.1 h1:ZAoq32boMzcaTW9bcUacBswAmHTbvlvDJICgHFZuECo=
github.com/aws/aws-sdk-go-v2/config v1.1.1/go.mod h1:0XsVy9lBI/BCXm+2Tuvt39YmdHwS5unDQmxZOYe8F5Y=
github.com/aws/aws-sdk-go-v2/credentials v1.1.1 h1:NbvWIM1Mx6sNPTxowHgS2ewXCRp+NGTzUYb/96FZJbY=
github.com/aws/aws-sdk-go-v2/credentials v1.1.1/go.mod h1:mM2iIjwl7LULWtS6JCACyInboHirisUUdkBPoTHMOUo=
github.com/aws/aws-sdk-go-v2/feature/ec2/imds v1.0.2 h1:EtEU7WRaWliitZh2nmuxEXrN0Cb8EgPUFGIoTMeqbzI=
github.com/aws/aws-sdk-go-v2/feature/ec2/imds v1.0.2/go.mod h1:3hGg3PpiEjHnrkrlasTfxFqUsZ2GCk/fMUn4CbKgSkM=
github.com/aws/aws-sdk-go-v2/service/dynamodb v1.1.1 h1:rs3qt8vsrOXgm3qfVdjVkwnPiBXI2M7qN1nExoZmJfI=
github.com/aws/aws-sdk-go-v2/service/dynamodb v1.1.1/go.mod h1:0xGVqnX5hK8bd/Qnqklpdellx5/6KPSPV7vfno3i1Sk=
github.com/aws/aws-sdk-go-v2/service/internal/accept-encoding v1.0.1 h1:q+3dVb1s3piv/Q/Ft0+OjU5iKItBRfCvU5wNLQUyIbA=
github.com/aws/aws-sdk-go-v2/service/internal/accept-encoding v1.0.1/go.mod h1:zurGx7QI3Bk2OFwswSXl3PtJDdgD3QzjkfskiukJ2Mg=
github.com/aws/aws-sdk-go-v2/service/internal/presigned-url v1.0.2 h1:4AH9fFjUlVktQMznF+YN33aWNXaR4VgDXyP28qokJC0=
github.com/aws/aws-sdk-go-v2/service/internal/presigned-url v1.0.2/go.mod h1:45MfaXZ0cNbeuT0KQ1XJylq8A6+OpVV2E5kvY/Kq+u8=
github.com/aws/aws-sdk-go-v2/service/sso v1.1.1 h1:37QubsarExl5ZuCBlnRP+7l1tNwZPBSTqpTBrPH98RU=
github.com/aws/aws-sdk-go-v2/service/sso v1.1.1/go.mod h1:SuZJxklHxLAXgLTc1iFXbEWkXs7QRTQpCLGaKIprQW0=
github.com/aws/aws-sdk-go-v2/service/sts v1.1.1 h1:TJoIfnIFubCX0ACVeJ0w46HEH5MwjwYN4iFhuYIhfIY=
github.com/aws/aws-sdk-go-v2/service/sts v1.1.1/go.mod h1:Wi0EBZwiz/K44YliU0EKxqTCJGUfYTWXrrBwkq736bM=
github.com/aws/smithy-go v1.1.0 h1:D6CSsM3gdxaGaqXnPgOBCeL6Mophqzu7KJOu7zW78sU=
github.com/aws/smithy-go v1.1.0/go.mod h1:EzMw8dbp/YJL4A5/sbhGddag+NPT7q084agLbB9LgIw=
github.com/davecgh/go-spew v1.1.0 h1:ZDRjVQ15GmhC3fiQ8ni8+OwkZQO4DARzQgrnXU1Liz8=
github.com/davecgh/go-spew v1.1.0/go.mod h1:J7Y8YcW2NihsgmVo/mv3lAwl/skON4iLHjSsI+c5H38=
github.com/google/go-cmp v0.4.1/go.mod h1:v8dTdLbMG2kIc/vJvl+f65V22dbkXbowE6jgT/gNBxE=
github.com/google/go-cmp v0.5.4 h1:L8R9j+yAqZuZjsqh/z+F1NCffTKKLShY6zXTItVIZ8M=
github.com/google/go-cmp v0.5.4/go.mod h1:v8dTdLbMG2kIc/vJvl+f65V22dbkXbowE6jgT/gNBxE=
github.com/jmespath/go-jmespath v0.4.0 h1:BEgLn5cpjn8UN1mAw4NjwDrS35OdebyEtFe+9YPoQUg=
github.com/jmespath/go-jmespath v0.4.0/go.mod h1:T8mJZnbsbmF+m6zOOFylbeCJqk5+pHWvzYPziyZiYoo=
github.com/jmespath/go-jmespath/internal/testify v1.5.1 h1:shLQSRRSCCPj3f2gpwzGwWFoC7ycTf1rcQZHOlsJ6N8=
github.com/jmespath/go-jmespath/internal/testify v1.5.1/go.mod h1:L3OGu8Wl2/fWfCI6z80xFu9LTZmf1ZRjMHUOPmWr69U=
github.com/pmezard/go-difflib v1.0.0 h1:4DBwDE0NGyQoBHbLQYPwSUPoCMWR5BEzIk/f1lZbAQM=
github.com/pmezard/go-difflib v1.0.0/go.mod h1:iKH77koFhYxTK1pcRnkKkqfTogsbg7gZNVY4sRDYZ/4=
github.com/stretchr/objx v0.1.0/go.mod h1:HFkY916IF+rwdDfMAkV7OtwuqBVzrE8GR6GFx+wExME=
golang.org/x/xerrors v0.0.0-20191204190536-9bdfabe68543 h1:E7g+9GITq07hpfrRu66IVDexMakfv52eLZ2CXBWiKr4=
golang.org/x/xerrors v0.0.0-20191204190536-9bdfabe68543/go.mod h1:I/5z698sn9Ka8TeJc9MKroUUfqBBauWjQqLJ2OPfmY0=
gopkg.in/check.v1 v0.0.0-20161208181325-20d25e280405 h1:yhCVgyC4o1eVCa2tZl7eS0r+SDo693bJlVdllGtEeKM=
gopkg.in/check.v1 v0.0.0-20161208181325-20d25e280405/go.mod h1:Co6ibVJAznAaIkqp8huTwlJQCZ016jof/cbN4VW5Yz0=
gopkg.in/yaml.v2 v2.2.8 h1:obN1ZagJSUGI0Ek/LBmuj4SNLPfIny3KsKFopxRdj10=
gopkg.in/yaml.v2 v2.2.8/go.mod h1:hI93XBmqTisBFMUTm0b8Fm+jr3Dg1NNxqwp+5A1VGuI=
