
Microsoft Visual Studio Solution File, Format Version 12.00
# Visual Studio 15
VisualStudioVersion = 15.0.27703.2018
MinimumVisualStudioVersion = 10.0.40219.1
Project("{FAE04EC0-301F-11D3-BF4B-00C04F79EFBC}") = "PollySamples1", "PollySamples1\PollySamples1.csproj", "{1A0C1722-F609-49F4-8B49-EF3E013EE8E5}"
EndProject
Global
	GlobalSection(SolutionConfigurationPlatforms) = preSolution
		Debug|Any CPU = Debug|Any CPU
		Release|Any CPU = Release|Any CPU
	EndGlobalSection
	GlobalSection(ProjectConfigurationPlatforms) = postSolution
		{1A0C1722-F609-49F4-8B49-EF3E013EE8E5}.Debug|Any CPU.ActiveCfg = Debug|Any CPU
		{1A0C1722-F609-49F4-8B49-EF3E013EE8E5}.Debug|Any CPU.Build.0 = Debug|Any CPU
		{1A0C1722-F609-49F4-8B49-EF3E013EE8E5}.Release|Any CPU.ActiveCfg = Release|Any CPU
		{1A0C1722-F609-49F4-8B49-EF3E013EE8E5}.Release|Any CPU.Build.0 = Release|Any CPU
	EndGlobalSection
	GlobalSection(SolutionProperties) = preSolution
		HideSolutionNode = FALSE
	EndGlobalSection
	GlobalSection(ExtensibilityGlobals) = postSolution
		SolutionGuid = {A8A87622-54CA-4198-A1B0-7E482E2EA5DA}
	EndGlobalSection
EndGlobal
