
Microsoft Visual Studio Solution File, Format Version 12.00
# Visual Studio 15
VisualStudioVersion = 15.0.27130.2010
MinimumVisualStudioVersion = 10.0.40219.1
Project("{FAE04EC0-301F-11D3-BF4B-00C04F79EFBC}") = "SNSSample1", "SNSSample1\SNSSample1.csproj", "{46A870AB-F002-4BC0-A6E7-48FA6204EE34}"
EndProject
Global
	GlobalSection(SolutionConfigurationPlatforms) = preSolution
		Debug|Any CPU = Debug|Any CPU
		Release|Any CPU = Release|Any CPU
	EndGlobalSection
	GlobalSection(ProjectConfigurationPlatforms) = postSolution
		{46A870AB-F002-4BC0-A6E7-48FA6204EE34}.Debug|Any CPU.ActiveCfg = Debug|Any CPU
		{46A870AB-F002-4BC0-A6E7-48FA6204EE34}.Debug|Any CPU.Build.0 = Debug|Any CPU
		{46A870AB-F002-4BC0-A6E7-48FA6204EE34}.Release|Any CPU.ActiveCfg = Release|Any CPU
		{46A870AB-F002-4BC0-A6E7-48FA6204EE34}.Release|Any CPU.Build.0 = Release|Any CPU
	EndGlobalSection
	GlobalSection(SolutionProperties) = preSolution
		HideSolutionNode = FALSE
	EndGlobalSection
	GlobalSection(ExtensibilityGlobals) = postSolution
		SolutionGuid = {A828D015-0168-498E-9359-3FE96D3B4B5E}
	EndGlobalSection
EndGlobal
