
Microsoft Visual Studio Solution File, Format Version 12.00
# Visual Studio Version 16
VisualStudioVersion = 16.0.31729.503
MinimumVisualStudioVersion = 10.0.40219.1
Project("{FAE04EC0-301F-11D3-BF4B-00C04F79EFBC}") = "AddTagsToVaultExample", "AddTagsToVaultExample.csproj", "{8862A587-4885-405E-8B4C-CB9B82B8334B}"
EndProject
Global
	GlobalSection(SolutionConfigurationPlatforms) = preSolution
		Debug|Any CPU = Debug|Any CPU
		Release|Any CPU = Release|Any CPU
	EndGlobalSection
	GlobalSection(ProjectConfigurationPlatforms) = postSolution
		{8862A587-4885-405E-8B4C-CB9B82B8334B}.Debug|Any CPU.ActiveCfg = Debug|Any CPU
		{8862A587-4885-405E-8B4C-CB9B82B8334B}.Debug|Any CPU.Build.0 = Debug|Any CPU
		{8862A587-4885-405E-8B4C-CB9B82B8334B}.Release|Any CPU.ActiveCfg = Release|Any CPU
		{8862A587-4885-405E-8B4C-CB9B82B8334B}.Release|Any CPU.Build.0 = Release|Any CPU
	EndGlobalSection
	GlobalSection(SolutionProperties) = preSolution
		HideSolutionNode = FALSE
	EndGlobalSection
	GlobalSection(ExtensibilityGlobals) = postSolution
		SolutionGuid = {DC36E9BA-86A7-4102-8DDD-0CAD15DD5999}
	EndGlobalSection
EndGlobal
