
Microsoft Visual Studio Solution File, Format Version 12.00
# Visual Studio Version 16
VisualStudioVersion = 16.0.31729.503
MinimumVisualStudioVersion = 10.0.40219.1
Project("{FAE04EC0-301F-11D3-BF4B-00C04F79EFBC}") = "DownloadArchiveHighLevelExample", "DownloadArchiveHighLevelExample.csproj", "{80569D2C-A803-47AB-89A0-E2F379A26A96}"
EndProject
Global
	GlobalSection(SolutionConfigurationPlatforms) = preSolution
		Debug|Any CPU = Debug|Any CPU
		Release|Any CPU = Release|Any CPU
	EndGlobalSection
	GlobalSection(ProjectConfigurationPlatforms) = postSolution
		{80569D2C-A803-47AB-89A0-E2F379A26A96}.Debug|Any CPU.ActiveCfg = Debug|Any CPU
		{80569D2C-A803-47AB-89A0-E2F379A26A96}.Debug|Any CPU.Build.0 = Debug|Any CPU
		{80569D2C-A803-47AB-89A0-E2F379A26A96}.Release|Any CPU.ActiveCfg = Release|Any CPU
		{80569D2C-A803-47AB-89A0-E2F379A26A96}.Release|Any CPU.Build.0 = Release|Any CPU
	EndGlobalSection
	GlobalSection(SolutionProperties) = preSolution
		HideSolutionNode = FALSE
	EndGlobalSection
	GlobalSection(ExtensibilityGlobals) = postSolution
		SolutionGuid = {FA1106FC-DD45-44F2-A463-7D5FA8E83703}
	EndGlobalSection
EndGlobal
