
Microsoft Visual Studio Solution File, Format Version 12.00
# Visual Studio Version 16
VisualStudioVersion = 16.0.31829.152
MinimumVisualStudioVersion = 10.0.40219.1
Project("{FAE04EC0-301F-11D3-BF4B-00C04F79EFBC}") = "UploadFileMPUHighLevelAPIExample", "UploadFileMPUHighLevelAPIExample.csproj", "{6226CA90-0F8F-4387-85EC-8C4DC76F29EC}"
EndProject
Global
	GlobalSection(SolutionConfigurationPlatforms) = preSolution
		Debug|Any CPU = Debug|Any CPU
		Release|Any CPU = Release|Any CPU
	EndGlobalSection
	GlobalSection(ProjectConfigurationPlatforms) = postSolution
		{6226CA90-0F8F-4387-85EC-8C4DC76F29EC}.Debug|Any CPU.ActiveCfg = Debug|Any CPU
		{6226CA90-0F8F-4387-85EC-8C4DC76F29EC}.Debug|Any CPU.Build.0 = Debug|Any CPU
		{6226CA90-0F8F-4387-85EC-8C4DC76F29EC}.Release|Any CPU.ActiveCfg = Release|Any CPU
		{6226CA90-0F8F-4387-85EC-8C4DC76F29EC}.Release|Any CPU.Build.0 = Release|Any CPU
	EndGlobalSection
	GlobalSection(SolutionProperties) = preSolution
		HideSolutionNode = FALSE
	EndGlobalSection
	GlobalSection(ExtensibilityGlobals) = postSolution
		SolutionGuid = {F63B75CF-EE5E-41B9-AA7E-CD858F93E687}
	EndGlobalSection
EndGlobal
