
Microsoft Visual Studio Solution File, Format Version 12.00
# Visual Studio Version 16
VisualStudioVersion = 16.0.31624.102
MinimumVisualStudioVersion = 10.0.40219.1
Project("{FAE04EC0-301F-11D3-BF4B-00C04F79EFBC}") = "GetQueueAttributesExample", "GetQueueAttributesExample\GetQueueAttributesExample.csproj", "{E319C105-6229-443D-B264-E89FCBDFB3F5}"
EndProject
Global
	GlobalSection(SolutionConfigurationPlatforms) = preSolution
		Debug|Any CPU = Debug|Any CPU
		Release|Any CPU = Release|Any CPU
	EndGlobalSection
	GlobalSection(ProjectConfigurationPlatforms) = postSolution
		{E319C105-6229-443D-B264-E89FCBDFB3F5}.Debug|Any CPU.ActiveCfg = Debug|Any CPU
		{E319C105-6229-443D-B264-E89FCBDFB3F5}.Debug|Any CPU.Build.0 = Debug|Any CPU
		{E319C105-6229-443D-B264-E89FCBDFB3F5}.Release|Any CPU.ActiveCfg = Release|Any CPU
		{E319C105-6229-443D-B264-E89FCBDFB3F5}.Release|Any CPU.Build.0 = Release|Any CPU
	EndGlobalSection
	GlobalSection(SolutionProperties) = preSolution
		HideSolutionNode = FALSE
	EndGlobalSection
	GlobalSection(ExtensibilityGlobals) = postSolution
		SolutionGuid = {1C4DBC41-FD81-4815-9B2F-4BA13842F7AD}
	EndGlobalSection
EndGlobal
