
Microsoft Visual Studio Solution File, Format Version 12.00
# Visual Studio 15
VisualStudioVersion = 15.0.26124.0
MinimumVisualStudioVersion = 15.0.26124.0
Project("{FAE04EC0-301F-11D3-BF4B-00C04F79EFBC}") = "AddItem", "AddItem\AddItem.csproj", "{21BC2399-1389-4747-9F3B-E95065D2DB4E}"
EndProject
Project("{FAE04EC0-301F-11D3-BF4B-00C04F79EFBC}") = "AddItemTest", "AddItemTest\AddItemTest.csproj", "{C95FF8AD-36D1-4146-B845-57E12EC8BF9A}"
EndProject
Project("{FAE04EC0-301F-11D3-BF4B-00C04F79EFBC}") = "AddItems", "AddItems\AddItems.csproj", "{CCAA59A6-B287-4427-B189-7F1234A6071D}"
EndProject
Project("{FAE04EC0-301F-11D3-BF4B-00C04F79EFBC}") = "AddItemsTest", "AddItemsTest\AddItemsTest.csproj", "{E68F836D-1765-4F91-A288-07025EF765BC}"
EndProject
Project("{FAE04EC0-301F-11D3-BF4B-00C04F79EFBC}") = "CreateIndex", "CreateIndex\CreateIndex.csproj", "{1242A721-B345-43F5-B026-7EC6246B13CF}"
EndProject
Project("{FAE04EC0-301F-11D3-BF4B-00C04F79EFBC}") = "CreateIndexTest", "CreateIndexTest\CreateIndexTest.csproj", "{0DCB7422-3CC4-49F7-92B3-D1E1D01549AC}"
EndProject
Project("{FAE04EC0-301F-11D3-BF4B-00C04F79EFBC}") = "CreateTable", "CreateTable\CreateTable.csproj", "{FA0129A4-C849-49F4-B55A-D7E15F1BC97E}"
EndProject
Project("{FAE04EC0-301F-11D3-BF4B-00C04F79EFBC}") = "CreateTableTest", "CreateTableTest\CreateTableTest.csproj", "{F6B746CE-F630-4F6B-8252-5A084A706043}"
EndProject
Project("{FAE04EC0-301F-11D3-BF4B-00C04F79EFBC}") = "DeleteItem", "DeleteItem\DeleteItem.csproj", "{7D549B0F-632F-42A1-9942-F44D2936EEBB}"
EndProject
Project("{FAE04EC0-301F-11D3-BF4B-00C04F79EFBC}") = "DeleteItemTest", "DeleteItemTest\DeleteItemTest.csproj", "{FD00FEDC-3E6B-4D21-AD87-CFFB1452713A}"
EndProject
Project("{FAE04EC0-301F-11D3-BF4B-00C04F79EFBC}") = "DeleteTable", "DeleteTable\DeleteTable.csproj", "{322F11DF-5466-475D-B1B6-18EAC999D38D}"
EndProject
Project("{FAE04EC0-301F-11D3-BF4B-00C04F79EFBC}") = "DeleteTableTest", "DeleteTableTest\DeleteTableTest.csproj", "{371C4203-8BAA-4E65-A32D-5C1051F81643}"
EndProject
Project("{FAE04EC0-301F-11D3-BF4B-00C04F79EFBC}") = "GetLowProductStock", "GetLowProductStock\GetLowProductStock.csproj", "{0A22E8AD-B7F6-4D78-9C2C-2AA656BE4A3E}"
EndProject
Project("{FAE04EC0-301F-11D3-BF4B-00C04F79EFBC}") = "GetLowProductStockTest", "GetLowProductStockTest\GetLowProductStockTest.csproj", "{D2510C8F-01DD-4247-93C3-6AD6537B2EB5}"
EndProject
Project("{FAE04EC0-301F-11D3-BF4B-00C04F79EFBC}") = "GetLowProductStockGSI", "GetLowProductStockGSI\GetLowProductStockGSI.csproj", "{648E50D8-87B8-4151-A1D1-82847ECC18A2}"
EndProject
Project("{FAE04EC0-301F-11D3-BF4B-00C04F79EFBC}") = "GetLowProductStockGSITest", "GetLowProductStockGSITest\GetLowProductStockGSITest.csproj", "{9A7D245C-ABD1-4885-B69A-2EEBC1DFB751}"
EndProject
Project("{FAE04EC0-301F-11D3-BF4B-00C04F79EFBC}") = "GetOrdersForProduct", "GetOrdersForProduct\GetOrdersForProduct.csproj", "{B7A8E158-FDD9-4958-A397-8404821E0390}"
EndProject
Project("{FAE04EC0-301F-11D3-BF4B-00C04F79EFBC}") = "GetOrdersForProductTest", "GetOrdersForProductTest\GetOrdersForProductTest.csproj", "{B37296FA-BB11-4AE3-BBDB-AAFFABB96988}"
EndProject
Project("{FAE04EC0-301F-11D3-BF4B-00C04F79EFBC}") = "GetOrdersForProductGSI", "GetOrdersForProductGSI\GetOrdersForProductGSI.csproj", "{C306E4FC-D9E2-4E73-830F-10FFAF81F16F}"
EndProject
Project("{FAE04EC0-301F-11D3-BF4B-00C04F79EFBC}") = "GetOrdersForProductGSITest", "GetOrdersForProductGSITest\GetOrdersForProductGSITest.csproj", "{D2251829-A749-4FCB-9C62-EC8755E89E90}"
EndProject
Project("{FAE04EC0-301F-11D3-BF4B-00C04F79EFBC}") = "GetOrdersInDateRange", "GetOrdersInDateRange\GetOrdersInDateRange.csproj", "{D1DEF91D-7C6C-49B8-94EF-94E53227684B}"
EndProject
Project("{FAE04EC0-301F-11D3-BF4B-00C04F79EFBC}") = "GetOrdersInDateRangeTest", "GetOrdersInDateRangeTest\GetOrdersInDateRangeTest.csproj", "{6C7FEBC7-3863-4222-B376-90AFD0B7B022}"
EndProject
Project("{FAE04EC0-301F-11D3-BF4B-00C04F79EFBC}") = "GetOrdersInDateRangeGSI", "GetOrdersInDateRangeGSI\GetOrdersInDateRangeGSI.csproj", "{5A22E9C6-B31C-4EAA-AE86-85275DB1E697}"
EndProject
Project("{FAE04EC0-301F-11D3-BF4B-00C04F79EFBC}") = "GetOrdersInDateRangeGSITest", "GetOrdersInDateRangeGSITest\GetOrdersInDateRangeGSITest.csproj", "{FB3050AE-D866-419B-AE89-64618878D596}"
EndProject
Project("{FAE04EC0-301F-11D3-BF4B-00C04F79EFBC}") = "ListItems", "ListItems\ListItems.csproj", "{8C9F9285-D906-4A15-AB5F-827FEF4525AF}"
EndProject
Project("{FAE04EC0-301F-11D3-BF4B-00C04F79EFBC}") = "ListItemsTest", "ListItemsTest\ListItemsTest.csproj", "{AAD20AA1-C091-43C4-A412-7483B98D15F9}"
EndProject
Project("{FAE04EC0-301F-11D3-BF4B-00C04F79EFBC}") = "UpdateItem", "UpdateItem\UpdateItem.csproj", "{F259AD1B-35B0-405A-9A9A-83F43D4DE31B}"
EndProject
Project("{FAE04EC0-301F-11D3-BF4B-00C04F79EFBC}") = "UpdateItemTest", "UpdateItemTest\UpdateItemTest.csproj", "{885D5E65-4420-4912-A9A7-A3F64B0CDD60}"
EndProject
Project("{FAE04EC0-301F-11D3-BF4B-00C04F79EFBC}") = "UpdateItemDataModel", "UpdateItemDataModel\UpdateItemDataModel.csproj", "{95519AA8-2A07-480C-B207-DF940585D665}"
EndProject
Project("{FAE04EC0-301F-11D3-BF4B-00C04F79EFBC}") = "UpdateItemDataModelTest", "UpdateItemDataModelTest\UpdateItemDataModelTest.csproj", "{81614C13-2BB9-4493-910F-4C891FD9B771}"
EndProject
Global
	GlobalSection(SolutionConfigurationPlatforms) = preSolution
		Debug|Any CPU = Debug|Any CPU
		Debug|x64 = Debug|x64
		Debug|x86 = Debug|x86
		Release|Any CPU = Release|Any CPU
		Release|x64 = Release|x64
		Release|x86 = Release|x86
	EndGlobalSection
	GlobalSection(SolutionProperties) = preSolution
		HideSolutionNode = FALSE
	EndGlobalSection
	GlobalSection(ProjectConfigurationPlatforms) = postSolution
		{21BC2399-1389-4747-9F3B-E95065D2DB4E}.Debug|Any CPU.ActiveCfg = Debug|Any CPU
		{21BC2399-1389-4747-9F3B-E95065D2DB4E}.Debug|Any CPU.Build.0 = Debug|Any CPU
		{21BC2399-1389-4747-9F3B-E95065D2DB4E}.Debug|x64.ActiveCfg = Debug|Any CPU
		{21BC2399-1389-4747-9F3B-E95065D2DB4E}.Debug|x64.Build.0 = Debug|Any CPU
		{21BC2399-1389-4747-9F3B-E95065D2DB4E}.Debug|x86.ActiveCfg = Debug|Any CPU
		{21BC2399-1389-4747-9F3B-E95065D2DB4E}.Debug|x86.Build.0 = Debug|Any CPU
		{21BC2399-1389-4747-9F3B-E95065D2DB4E}.Release|Any CPU.ActiveCfg = Release|Any CPU
		{21BC2399-1389-4747-9F3B-E95065D2DB4E}.Release|Any CPU.Build.0 = Release|Any CPU
		{21BC2399-1389-4747-9F3B-E95065D2DB4E}.Release|x64.ActiveCfg = Release|Any CPU
		{21BC2399-1389-4747-9F3B-E95065D2DB4E}.Release|x64.Build.0 = Release|Any CPU
		{21BC2399-1389-4747-9F3B-E95065D2DB4E}.Release|x86.ActiveCfg = Release|Any CPU
		{21BC2399-1389-4747-9F3B-E95065D2DB4E}.Release|x86.Build.0 = Release|Any CPU
		{C95FF8AD-36D1-4146-B845-57E12EC8BF9A}.Debug|Any CPU.ActiveCfg = Debug|Any CPU
		{C95FF8AD-36D1-4146-B845-57E12EC8BF9A}.Debug|Any CPU.Build.0 = Debug|Any CPU
		{C95FF8AD-36D1-4146-B845-57E12EC8BF9A}.Debug|x64.ActiveCfg = Debug|Any CPU
		{C95FF8AD-36D1-4146-B845-57E12EC8BF9A}.Debug|x64.Build.0 = Debug|Any CPU
		{C95FF8AD-36D1-4146-B845-57E12EC8BF9A}.Debug|x86.ActiveCfg = Debug|Any CPU
		{C95FF8AD-36D1-4146-B845-57E12EC8BF9A}.Debug|x86.Build.0 = Debug|Any CPU
		{C95FF8AD-36D1-4146-B845-57E12EC8BF9A}.Release|Any CPU.ActiveCfg = Release|Any CPU
		{C95FF8AD-36D1-4146-B845-57E12EC8BF9A}.Release|Any CPU.Build.0 = Release|Any CPU
		{C95FF8AD-36D1-4146-B845-57E12EC8BF9A}.Release|x64.ActiveCfg = Release|Any CPU
		{C95FF8AD-36D1-4146-B845-57E12EC8BF9A}.Release|x64.Build.0 = Release|Any CPU
		{C95FF8AD-36D1-4146-B845-57E12EC8BF9A}.Release|x86.ActiveCfg = Release|Any CPU
		{C95FF8AD-36D1-4146-B845-57E12EC8BF9A}.Release|x86.Build.0 = Release|Any CPU
		{CCAA59A6-B287-4427-B189-7F1234A6071D}.Debug|Any CPU.ActiveCfg = Debug|Any CPU
		{CCAA59A6-B287-4427-B189-7F1234A6071D}.Debug|Any CPU.Build.0 = Debug|Any CPU
		{CCAA59A6-B287-4427-B189-7F1234A6071D}.Debug|x64.ActiveCfg = Debug|Any CPU
		{CCAA59A6-B287-4427-B189-7F1234A6071D}.Debug|x64.Build.0 = Debug|Any CPU
		{CCAA59A6-B287-4427-B189-7F1234A6071D}.Debug|x86.ActiveCfg = Debug|Any CPU
		{CCAA59A6-B287-4427-B189-7F1234A6071D}.Debug|x86.Build.0 = Debug|Any CPU
		{CCAA59A6-B287-4427-B189-7F1234A6071D}.Release|Any CPU.ActiveCfg = Release|Any CPU
		{CCAA59A6-B287-4427-B189-7F1234A6071D}.Release|Any CPU.Build.0 = Release|Any CPU
		{CCAA59A6-B287-4427-B189-7F1234A6071D}.Release|x64.ActiveCfg = Release|Any CPU
		{CCAA59A6-B287-4427-B189-7F1234A6071D}.Release|x64.Build.0 = Release|Any CPU
		{CCAA59A6-B287-4427-B189-7F1234A6071D}.Release|x86.ActiveCfg = Release|Any CPU
		{CCAA59A6-B287-4427-B189-7F1234A6071D}.Release|x86.Build.0 = Release|Any CPU
		{E68F836D-1765-4F91-A288-07025EF765BC}.Debug|Any CPU.ActiveCfg = Debug|Any CPU
		{E68F836D-1765-4F91-A288-07025EF765BC}.Debug|Any CPU.Build.0 = Debug|Any CPU
		{E68F836D-1765-4F91-A288-07025EF765BC}.Debug|x64.ActiveCfg = Debug|Any CPU
		{E68F836D-1765-4F91-A288-07025EF765BC}.Debug|x64.Build.0 = Debug|Any CPU
		{E68F836D-1765-4F91-A288-07025EF765BC}.Debug|x86.ActiveCfg = Debug|Any CPU
		{E68F836D-1765-4F91-A288-07025EF765BC}.Debug|x86.Build.0 = Debug|Any CPU
		{E68F836D-1765-4F91-A288-07025EF765BC}.Release|Any CPU.ActiveCfg = Release|Any CPU
		{E68F836D-1765-4F91-A288-07025EF765BC}.Release|Any CPU.Build.0 = Release|Any CPU
		{E68F836D-1765-4F91-A288-07025EF765BC}.Release|x64.ActiveCfg = Release|Any CPU
		{E68F836D-1765-4F91-A288-07025EF765BC}.Release|x64.Build.0 = Release|Any CPU
		{E68F836D-1765-4F91-A288-07025EF765BC}.Release|x86.ActiveCfg = Release|Any CPU
		{E68F836D-1765-4F91-A288-07025EF765BC}.Release|x86.Build.0 = Release|Any CPU
		{1242A721-B345-43F5-B026-7EC6246B13CF}.Debug|Any CPU.ActiveCfg = Debug|Any CPU
		{1242A721-B345-43F5-B026-7EC6246B13CF}.Debug|Any CPU.Build.0 = Debug|Any CPU
		{1242A721-B345-43F5-B026-7EC6246B13CF}.Debug|x64.ActiveCfg = Debug|Any CPU
		{1242A721-B345-43F5-B026-7EC6246B13CF}.Debug|x64.Build.0 = Debug|Any CPU
		{1242A721-B345-43F5-B026-7EC6246B13CF}.Debug|x86.ActiveCfg = Debug|Any CPU
		{1242A721-B345-43F5-B026-7EC6246B13CF}.Debug|x86.Build.0 = Debug|Any CPU
		{1242A721-B345-43F5-B026-7EC6246B13CF}.Release|Any CPU.ActiveCfg = Release|Any CPU
		{1242A721-B345-43F5-B026-7EC6246B13CF}.Release|Any CPU.Build.0 = Release|Any CPU
		{1242A721-B345-43F5-B026-7EC6246B13CF}.Release|x64.ActiveCfg = Release|Any CPU
		{1242A721-B345-43F5-B026-7EC6246B13CF}.Release|x64.Build.0 = Release|Any CPU
		{1242A721-B345-43F5-B026-7EC6246B13CF}.Release|x86.ActiveCfg = Release|Any CPU
		{1242A721-B345-43F5-B026-7EC6246B13CF}.Release|x86.Build.0 = Release|Any CPU
		{0DCB7422-3CC4-49F7-92B3-D1E1D01549AC}.Debug|Any CPU.ActiveCfg = Debug|Any CPU
		{0DCB7422-3CC4-49F7-92B3-D1E1D01549AC}.Debug|Any CPU.Build.0 = Debug|Any CPU
		{0DCB7422-3CC4-49F7-92B3-D1E1D01549AC}.Debug|x64.ActiveCfg = Debug|Any CPU
		{0DCB7422-3CC4-49F7-92B3-D1E1D01549AC}.Debug|x64.Build.0 = Debug|Any CPU
		{0DCB7422-3CC4-49F7-92B3-D1E1D01549AC}.Debug|x86.ActiveCfg = Debug|Any CPU
		{0DCB7422-3CC4-49F7-92B3-D1E1D01549AC}.Debug|x86.Build.0 = Debug|Any CPU
		{0DCB7422-3CC4-49F7-92B3-D1E1D01549AC}.Release|Any CPU.ActiveCfg = Release|Any CPU
		{0DCB7422-3CC4-49F7-92B3-D1E1D01549AC}.Release|Any CPU.Build.0 = Release|Any CPU
		{0DCB7422-3CC4-49F7-92B3-D1E1D01549AC}.Release|x64.ActiveCfg = Release|Any CPU
		{0DCB7422-3CC4-49F7-92B3-D1E1D01549AC}.Release|x64.Build.0 = Release|Any CPU
		{0DCB7422-3CC4-49F7-92B3-D1E1D01549AC}.Release|x86.ActiveCfg = Release|Any CPU
		{0DCB7422-3CC4-49F7-92B3-D1E1D01549AC}.Release|x86.Build.0 = Release|Any CPU
		{FA0129A4-C849-49F4-B55A-D7E15F1BC97E}.Debug|Any CPU.ActiveCfg = Debug|Any CPU
		{FA0129A4-C849-49F4-B55A-D7E15F1BC97E}.Debug|Any CPU.Build.0 = Debug|Any CPU
		{FA0129A4-C849-49F4-B55A-D7E15F1BC97E}.Debug|x64.ActiveCfg = Debug|Any CPU
		{FA0129A4-C849-49F4-B55A-D7E15F1BC97E}.Debug|x64.Build.0 = Debug|Any CPU
		{FA0129A4-C849-49F4-B55A-D7E15F1BC97E}.Debug|x86.ActiveCfg = Debug|Any CPU
		{FA0129A4-C849-49F4-B55A-D7E15F1BC97E}.Debug|x86.Build.0 = Debug|Any CPU
		{FA0129A4-C849-49F4-B55A-D7E15F1BC97E}.Release|Any CPU.ActiveCfg = Release|Any CPU
		{FA0129A4-C849-49F4-B55A-D7E15F1BC97E}.Release|Any CPU.Build.0 = Release|Any CPU
		{FA0129A4-C849-49F4-B55A-D7E15F1BC97E}.Release|x64.ActiveCfg = Release|Any CPU
		{FA0129A4-C849-49F4-B55A-D7E15F1BC97E}.Release|x64.Build.0 = Release|Any CPU
		{FA0129A4-C849-49F4-B55A-D7E15F1BC97E}.Release|x86.ActiveCfg = Release|Any CPU
		{FA0129A4-C849-49F4-B55A-D7E15F1BC97E}.Release|x86.Build.0 = Release|Any CPU
		{F6B746CE-F630-4F6B-8252-5A084A706043}.Debug|Any CPU.ActiveCfg = Debug|Any CPU
		{F6B746CE-F630-4F6B-8252-5A084A706043}.Debug|Any CPU.Build.0 = Debug|Any CPU
		{F6B746CE-F630-4F6B-8252-5A084A706043}.Debug|x64.ActiveCfg = Debug|Any CPU
		{F6B746CE-F630-4F6B-8252-5A084A706043}.Debug|x64.Build.0 = Debug|Any CPU
		{F6B746CE-F630-4F6B-8252-5A084A706043}.Debug|x86.ActiveCfg = Debug|Any CPU
		{F6B746CE-F630-4F6B-8252-5A084A706043}.Debug|x86.Build.0 = Debug|Any CPU
		{F6B746CE-F630-4F6B-8252-5A084A706043}.Release|Any CPU.ActiveCfg = Release|Any CPU
		{F6B746CE-F630-4F6B-8252-5A084A706043}.Release|Any CPU.Build.0 = Release|Any CPU
		{F6B746CE-F630-4F6B-8252-5A084A706043}.Release|x64.ActiveCfg = Release|Any CPU
		{F6B746CE-F630-4F6B-8252-5A084A706043}.Release|x64.Build.0 = Release|Any CPU
		{F6B746CE-F630-4F6B-8252-5A084A706043}.Release|x86.ActiveCfg = Release|Any CPU
		{F6B746CE-F630-4F6B-8252-5A084A706043}.Release|x86.Build.0 = Release|Any CPU
		{7D549B0F-632F-42A1-9942-F44D2936EEBB}.Debug|Any CPU.ActiveCfg = Debug|Any CPU
		{7D549B0F-632F-42A1-9942-F44D2936EEBB}.Debug|Any CPU.Build.0 = Debug|Any CPU
		{7D549B0F-632F-42A1-9942-F44D2936EEBB}.Debug|x64.ActiveCfg = Debug|Any CPU
		{7D549B0F-632F-42A1-9942-F44D2936EEBB}.Debug|x64.Build.0 = Debug|Any CPU
		{7D549B0F-632F-42A1-9942-F44D2936EEBB}.Debug|x86.ActiveCfg = Debug|Any CPU
		{7D549B0F-632F-42A1-9942-F44D2936EEBB}.Debug|x86.Build.0 = Debug|Any CPU
		{7D549B0F-632F-42A1-9942-F44D2936EEBB}.Release|Any CPU.ActiveCfg = Release|Any CPU
		{7D549B0F-632F-42A1-9942-F44D2936EEBB}.Release|Any CPU.Build.0 = Release|Any CPU
		{7D549B0F-632F-42A1-9942-F44D2936EEBB}.Release|x64.ActiveCfg = Release|Any CPU
		{7D549B0F-632F-42A1-9942-F44D2936EEBB}.Release|x64.Build.0 = Release|Any CPU
		{7D549B0F-632F-42A1-9942-F44D2936EEBB}.Release|x86.ActiveCfg = Release|Any CPU
		{7D549B0F-632F-42A1-9942-F44D2936EEBB}.Release|x86.Build.0 = Release|Any CPU
		{FD00FEDC-3E6B-4D21-AD87-CFFB1452713A}.Debug|Any CPU.ActiveCfg = Debug|Any CPU
		{FD00FEDC-3E6B-4D21-AD87-CFFB1452713A}.Debug|Any CPU.Build.0 = Debug|Any CPU
		{FD00FEDC-3E6B-4D21-AD87-CFFB1452713A}.Debug|x64.ActiveCfg = Debug|Any CPU
		{FD00FEDC-3E6B-4D21-AD87-CFFB1452713A}.Debug|x64.Build.0 = Debug|Any CPU
		{FD00FEDC-3E6B-4D21-AD87-CFFB1452713A}.Debug|x86.ActiveCfg = Debug|Any CPU
		{FD00FEDC-3E6B-4D21-AD87-CFFB1452713A}.Debug|x86.Build.0 = Debug|Any CPU
		{FD00FEDC-3E6B-4D21-AD87-CFFB1452713A}.Release|Any CPU.ActiveCfg = Release|Any CPU
		{FD00FEDC-3E6B-4D21-AD87-CFFB1452713A}.Release|Any CPU.Build.0 = Release|Any CPU
		{FD00FEDC-3E6B-4D21-AD87-CFFB1452713A}.Release|x64.ActiveCfg = Release|Any CPU
		{FD00FEDC-3E6B-4D21-AD87-CFFB1452713A}.Release|x64.Build.0 = Release|Any CPU
		{FD00FEDC-3E6B-4D21-AD87-CFFB1452713A}.Release|x86.ActiveCfg = Release|Any CPU
		{FD00FEDC-3E6B-4D21-AD87-CFFB1452713A}.Release|x86.Build.0 = Release|Any CPU
		{322F11DF-5466-475D-B1B6-18EAC999D38D}.Debug|Any CPU.ActiveCfg = Debug|Any CPU
		{322F11DF-5466-475D-B1B6-18EAC999D38D}.Debug|Any CPU.Build.0 = Debug|Any CPU
		{322F11DF-5466-475D-B1B6-18EAC999D38D}.Debug|x64.ActiveCfg = Debug|Any CPU
		{322F11DF-5466-475D-B1B6-18EAC999D38D}.Debug|x64.Build.0 = Debug|Any CPU
		{322F11DF-5466-475D-B1B6-18EAC999D38D}.Debug|x86.ActiveCfg = Debug|Any CPU
		{322F11DF-5466-475D-B1B6-18EAC999D38D}.Debug|x86.Build.0 = Debug|Any CPU
		{322F11DF-5466-475D-B1B6-18EAC999D38D}.Release|Any CPU.ActiveCfg = Release|Any CPU
		{322F11DF-5466-475D-B1B6-18EAC999D38D}.Release|Any CPU.Build.0 = Release|Any CPU
		{322F11DF-5466-475D-B1B6-18EAC999D38D}.Release|x64.ActiveCfg = Release|Any CPU
		{322F11DF-5466-475D-B1B6-18EAC999D38D}.Release|x64.Build.0 = Release|Any CPU
		{322F11DF-5466-475D-B1B6-18EAC999D38D}.Release|x86.ActiveCfg = Release|Any CPU
		{322F11DF-5466-475D-B1B6-18EAC999D38D}.Release|x86.Build.0 = Release|Any CPU
		{371C4203-8BAA-4E65-A32D-5C1051F81643}.Debug|Any CPU.ActiveCfg = Debug|Any CPU
		{371C4203-8BAA-4E65-A32D-5C1051F81643}.Debug|Any CPU.Build.0 = Debug|Any CPU
		{371C4203-8BAA-4E65-A32D-5C1051F81643}.Debug|x64.ActiveCfg = Debug|Any CPU
		{371C4203-8BAA-4E65-A32D-5C1051F81643}.Debug|x64.Build.0 = Debug|Any CPU
		{371C4203-8BAA-4E65-A32D-5C1051F81643}.Debug|x86.ActiveCfg = Debug|Any CPU
		{371C4203-8BAA-4E65-A32D-5C1051F81643}.Debug|x86.Build.0 = Debug|Any CPU
		{371C4203-8BAA-4E65-A32D-5C1051F81643}.Release|Any CPU.ActiveCfg = Release|Any CPU
		{371C4203-8BAA-4E65-A32D-5C1051F81643}.Release|Any CPU.Build.0 = Release|Any CPU
		{371C4203-8BAA-4E65-A32D-5C1051F81643}.Release|x64.ActiveCfg = Release|Any CPU
		{371C4203-8BAA-4E65-A32D-5C1051F81643}.Release|x64.Build.0 = Release|Any CPU
		{371C4203-8BAA-4E65-A32D-5C1051F81643}.Release|x86.ActiveCfg = Release|Any CPU
		{371C4203-8BAA-4E65-A32D-5C1051F81643}.Release|x86.Build.0 = Release|Any CPU
		{0A22E8AD-B7F6-4D78-9C2C-2AA656BE4A3E}.Debug|Any CPU.ActiveCfg = Debug|Any CPU
		{0A22E8AD-B7F6-4D78-9C2C-2AA656BE4A3E}.Debug|Any CPU.Build.0 = Debug|Any CPU
		{0A22E8AD-B7F6-4D78-9C2C-2AA656BE4A3E}.Debug|x64.ActiveCfg = Debug|Any CPU
		{0A22E8AD-B7F6-4D78-9C2C-2AA656BE4A3E}.Debug|x64.Build.0 = Debug|Any CPU
		{0A22E8AD-B7F6-4D78-9C2C-2AA656BE4A3E}.Debug|x86.ActiveCfg = Debug|Any CPU
		{0A22E8AD-B7F6-4D78-9C2C-2AA656BE4A3E}.Debug|x86.Build.0 = Debug|Any CPU
		{0A22E8AD-B7F6-4D78-9C2C-2AA656BE4A3E}.Release|Any CPU.ActiveCfg = Release|Any CPU
		{0A22E8AD-B7F6-4D78-9C2C-2AA656BE4A3E}.Release|Any CPU.Build.0 = Release|Any CPU
		{0A22E8AD-B7F6-4D78-9C2C-2AA656BE4A3E}.Release|x64.ActiveCfg = Release|Any CPU
		{0A22E8AD-B7F6-4D78-9C2C-2AA656BE4A3E}.Release|x64.Build.0 = Release|Any CPU
		{0A22E8AD-B7F6-4D78-9C2C-2AA656BE4A3E}.Release|x86.ActiveCfg = Release|Any CPU
		{0A22E8AD-B7F6-4D78-9C2C-2AA656BE4A3E}.Release|x86.Build.0 = Release|Any CPU
		{D2510C8F-01DD-4247-93C3-6AD6537B2EB5}.Debug|Any CPU.ActiveCfg = Debug|Any CPU
		{D2510C8F-01DD-4247-93C3-6AD6537B2EB5}.Debug|Any CPU.Build.0 = Debug|Any CPU
		{D2510C8F-01DD-4247-93C3-6AD6537B2EB5}.Debug|x64.ActiveCfg = Debug|Any CPU
		{D2510C8F-01DD-4247-93C3-6AD6537B2EB5}.Debug|x64.Build.0 = Debug|Any CPU
		{D2510C8F-01DD-4247-93C3-6AD6537B2EB5}.Debug|x86.ActiveCfg = Debug|Any CPU
		{D2510C8F-01DD-4247-93C3-6AD6537B2EB5}.Debug|x86.Build.0 = Debug|Any CPU
		{D2510C8F-01DD-4247-93C3-6AD6537B2EB5}.Release|Any CPU.ActiveCfg = Release|Any CPU
		{D2510C8F-01DD-4247-93C3-6AD6537B2EB5}.Release|Any CPU.Build.0 = Release|Any CPU
		{D2510C8F-01DD-4247-93C3-6AD6537B2EB5}.Release|x64.ActiveCfg = Release|Any CPU
		{D2510C8F-01DD-4247-93C3-6AD6537B2EB5}.Release|x64.Build.0 = Release|Any CPU
		{D2510C8F-01DD-4247-93C3-6AD6537B2EB5}.Release|x86.ActiveCfg = Release|Any CPU
		{D2510C8F-01DD-4247-93C3-6AD6537B2EB5}.Release|x86.Build.0 = Release|Any CPU
		{648E50D8-87B8-4151-A1D1-82847ECC18A2}.Debug|Any CPU.ActiveCfg = Debug|Any CPU
		{648E50D8-87B8-4151-A1D1-82847ECC18A2}.Debug|Any CPU.Build.0 = Debug|Any CPU
		{648E50D8-87B8-4151-A1D1-82847ECC18A2}.Debug|x64.ActiveCfg = Debug|Any CPU
		{648E50D8-87B8-4151-A1D1-82847ECC18A2}.Debug|x64.Build.0 = Debug|Any CPU
		{648E50D8-87B8-4151-A1D1-82847ECC18A2}.Debug|x86.ActiveCfg = Debug|Any CPU
		{648E50D8-87B8-4151-A1D1-82847ECC18A2}.Debug|x86.Build.0 = Debug|Any CPU
		{648E50D8-87B8-4151-A1D1-82847ECC18A2}.Release|Any CPU.ActiveCfg = Release|Any CPU
		{648E50D8-87B8-4151-A1D1-82847ECC18A2}.Release|Any CPU.Build.0 = Release|Any CPU
		{648E50D8-87B8-4151-A1D1-82847ECC18A2}.Release|x64.ActiveCfg = Release|Any CPU
		{648E50D8-87B8-4151-A1D1-82847ECC18A2}.Release|x64.Build.0 = Release|Any CPU
		{648E50D8-87B8-4151-A1D1-82847ECC18A2}.Release|x86.ActiveCfg = Release|Any CPU
		{648E50D8-87B8-4151-A1D1-82847ECC18A2}.Release|x86.Build.0 = Release|Any CPU
		{9A7D245C-ABD1-4885-B69A-2EEBC1DFB751}.Debug|Any CPU.ActiveCfg = Debug|Any CPU
		{9A7D245C-ABD1-4885-B69A-2EEBC1DFB751}.Debug|Any CPU.Build.0 = Debug|Any CPU
		{9A7D245C-ABD1-4885-B69A-2EEBC1DFB751}.Debug|x64.ActiveCfg = Debug|Any CPU
		{9A7D245C-ABD1-4885-B69A-2EEBC1DFB751}.Debug|x64.Build.0 = Debug|Any CPU
		{9A7D245C-ABD1-4885-B69A-2EEBC1DFB751}.Debug|x86.ActiveCfg = Debug|Any CPU
		{9A7D245C-ABD1-4885-B69A-2EEBC1DFB751}.Debug|x86.Build.0 = Debug|Any CPU
		{9A7D245C-ABD1-4885-B69A-2EEBC1DFB751}.Release|Any CPU.ActiveCfg = Release|Any CPU
		{9A7D245C-ABD1-4885-B69A-2EEBC1DFB751}.Release|Any CPU.Build.0 = Release|Any CPU
		{9A7D245C-ABD1-4885-B69A-2EEBC1DFB751}.Release|x64.ActiveCfg = Release|Any CPU
		{9A7D245C-ABD1-4885-B69A-2EEBC1DFB751}.Release|x64.Build.0 = Release|Any CPU
		{9A7D245C-ABD1-4885-B69A-2EEBC1DFB751}.Release|x86.ActiveCfg = Release|Any CPU
		{9A7D245C-ABD1-4885-B69A-2EEBC1DFB751}.Release|x86.Build.0 = Release|Any CPU
		{B7A8E158-FDD9-4958-A397-8404821E0390}.Debug|Any CPU.ActiveCfg = Debug|Any CPU
		{B7A8E158-FDD9-4958-A397-8404821E0390}.Debug|Any CPU.Build.0 = Debug|Any CPU
		{B7A8E158-FDD9-4958-A397-8404821E0390}.Debug|x64.ActiveCfg = Debug|Any CPU
		{B7A8E158-FDD9-4958-A397-8404821E0390}.Debug|x64.Build.0 = Debug|Any CPU
		{B7A8E158-FDD9-4958-A397-8404821E0390}.Debug|x86.ActiveCfg = Debug|Any CPU
		{B7A8E158-FDD9-4958-A397-8404821E0390}.Debug|x86.Build.0 = Debug|Any CPU
		{B7A8E158-FDD9-4958-A397-8404821E0390}.Release|Any CPU.ActiveCfg = Release|Any CPU
		{B7A8E158-FDD9-4958-A397-8404821E0390}.Release|Any CPU.Build.0 = Release|Any CPU
		{B7A8E158-FDD9-4958-A397-8404821E0390}.Release|x64.ActiveCfg = Release|Any CPU
		{B7A8E158-FDD9-4958-A397-8404821E0390}.Release|x64.Build.0 = Release|Any CPU
		{B7A8E158-FDD9-4958-A397-8404821E0390}.Release|x86.ActiveCfg = Release|Any CPU
		{B7A8E158-FDD9-4958-A397-8404821E0390}.Release|x86.Build.0 = Release|Any CPU
		{B37296FA-BB11-4AE3-BBDB-AAFFABB96988}.Debug|Any CPU.ActiveCfg = Debug|Any CPU
		{B37296FA-BB11-4AE3-BBDB-AAFFABB96988}.Debug|Any CPU.Build.0 = Debug|Any CPU
		{B37296FA-BB11-4AE3-BBDB-AAFFABB96988}.Debug|x64.ActiveCfg = Debug|Any CPU
		{B37296FA-BB11-4AE3-BBDB-AAFFABB96988}.Debug|x64.Build.0 = Debug|Any CPU
		{B37296FA-BB11-4AE3-BBDB-AAFFABB96988}.Debug|x86.ActiveCfg = Debug|Any CPU
		{B37296FA-BB11-4AE3-BBDB-AAFFABB96988}.Debug|x86.Build.0 = Debug|Any CPU
		{B37296FA-BB11-4AE3-BBDB-AAFFABB96988}.Release|Any CPU.ActiveCfg = Release|Any CPU
		{B37296FA-BB11-4AE3-BBDB-AAFFABB96988}.Release|Any CPU.Build.0 = Release|Any CPU
		{B37296FA-BB11-4AE3-BBDB-AAFFABB96988}.Release|x64.ActiveCfg = Release|Any CPU
		{B37296FA-BB11-4AE3-BBDB-AAFFABB96988}.Release|x64.Build.0 = Release|Any CPU
		{B37296FA-BB11-4AE3-BBDB-AAFFABB96988}.Release|x86.ActiveCfg = Release|Any CPU
		{B37296FA-BB11-4AE3-BBDB-AAFFABB96988}.Release|x86.Build.0 = Release|Any CPU
		{C306E4FC-D9E2-4E73-830F-10FFAF81F16F}.Debug|Any CPU.ActiveCfg = Debug|Any CPU
		{C306E4FC-D9E2-4E73-830F-10FFAF81F16F}.Debug|Any CPU.Build.0 = Debug|Any CPU
		{C306E4FC-D9E2-4E73-830F-10FFAF81F16F}.Debug|x64.ActiveCfg = Debug|Any CPU
		{C306E4FC-D9E2-4E73-830F-10FFAF81F16F}.Debug|x64.Build.0 = Debug|Any CPU
		{C306E4FC-D9E2-4E73-830F-10FFAF81F16F}.Debug|x86.ActiveCfg = Debug|Any CPU
		{C306E4FC-D9E2-4E73-830F-10FFAF81F16F}.Debug|x86.Build.0 = Debug|Any CPU
		{C306E4FC-D9E2-4E73-830F-10FFAF81F16F}.Release|Any CPU.ActiveCfg = Release|Any CPU
		{C306E4FC-D9E2-4E73-830F-10FFAF81F16F}.Release|Any CPU.Build.0 = Release|Any CPU
		{C306E4FC-D9E2-4E73-830F-10FFAF81F16F}.Release|x64.ActiveCfg = Release|Any CPU
		{C306E4FC-D9E2-4E73-830F-10FFAF81F16F}.Release|x64.Build.0 = Release|Any CPU
		{C306E4FC-D9E2-4E73-830F-10FFAF81F16F}.Release|x86.ActiveCfg = Release|Any CPU
		{C306E4FC-D9E2-4E73-830F-10FFAF81F16F}.Release|x86.Build.0 = Release|Any CPU
		{D2251829-A749-4FCB-9C62-EC8755E89E90}.Debug|Any CPU.ActiveCfg = Debug|Any CPU
		{D2251829-A749-4FCB-9C62-EC8755E89E90}.Debug|Any CPU.Build.0 = Debug|Any CPU
		{D2251829-A749-4FCB-9C62-EC8755E89E90}.Debug|x64.ActiveCfg = Debug|Any CPU
		{D2251829-A749-4FCB-9C62-EC8755E89E90}.Debug|x64.Build.0 = Debug|Any CPU
		{D2251829-A749-4FCB-9C62-EC8755E89E90}.Debug|x86.ActiveCfg = Debug|Any CPU
		{D2251829-A749-4FCB-9C62-EC8755E89E90}.Debug|x86.Build.0 = Debug|Any CPU
		{D2251829-A749-4FCB-9C62-EC8755E89E90}.Release|Any CPU.ActiveCfg = Release|Any CPU
		{D2251829-A749-4FCB-9C62-EC8755E89E90}.Release|Any CPU.Build.0 = Release|Any CPU
		{D2251829-A749-4FCB-9C62-EC8755E89E90}.Release|x64.ActiveCfg = Release|Any CPU
		{D2251829-A749-4FCB-9C62-EC8755E89E90}.Release|x64.Build.0 = Release|Any CPU
		{D2251829-A749-4FCB-9C62-EC8755E89E90}.Release|x86.ActiveCfg = Release|Any CPU
		{D2251829-A749-4FCB-9C62-EC8755E89E90}.Release|x86.Build.0 = Release|Any CPU
		{D1DEF91D-7C6C-49B8-94EF-94E53227684B}.Debug|Any CPU.ActiveCfg = Debug|Any CPU
		{D1DEF91D-7C6C-49B8-94EF-94E53227684B}.Debug|Any CPU.Build.0 = Debug|Any CPU
		{D1DEF91D-7C6C-49B8-94EF-94E53227684B}.Debug|x64.ActiveCfg = Debug|Any CPU
		{D1DEF91D-7C6C-49B8-94EF-94E53227684B}.Debug|x64.Build.0 = Debug|Any CPU
		{D1DEF91D-7C6C-49B8-94EF-94E53227684B}.Debug|x86.ActiveCfg = Debug|Any CPU
		{D1DEF91D-7C6C-49B8-94EF-94E53227684B}.Debug|x86.Build.0 = Debug|Any CPU
		{D1DEF91D-7C6C-49B8-94EF-94E53227684B}.Release|Any CPU.ActiveCfg = Release|Any CPU
		{D1DEF91D-7C6C-49B8-94EF-94E53227684B}.Release|Any CPU.Build.0 = Release|Any CPU
		{D1DEF91D-7C6C-49B8-94EF-94E53227684B}.Release|x64.ActiveCfg = Release|Any CPU
		{D1DEF91D-7C6C-49B8-94EF-94E53227684B}.Release|x64.Build.0 = Release|Any CPU
		{D1DEF91D-7C6C-49B8-94EF-94E53227684B}.Release|x86.ActiveCfg = Release|Any CPU
		{D1DEF91D-7C6C-49B8-94EF-94E53227684B}.Release|x86.Build.0 = Release|Any CPU
		{6C7FEBC7-3863-4222-B376-90AFD0B7B022}.Debug|Any CPU.ActiveCfg = Debug|Any CPU
		{6C7FEBC7-3863-4222-B376-90AFD0B7B022}.Debug|Any CPU.Build.0 = Debug|Any CPU
		{6C7FEBC7-3863-4222-B376-90AFD0B7B022}.Debug|x64.ActiveCfg = Debug|Any CPU
		{6C7FEBC7-3863-4222-B376-90AFD0B7B022}.Debug|x64.Build.0 = Debug|Any CPU
		{6C7FEBC7-3863-4222-B376-90AFD0B7B022}.Debug|x86.ActiveCfg = Debug|Any CPU
		{6C7FEBC7-3863-4222-B376-90AFD0B7B022}.Debug|x86.Build.0 = Debug|Any CPU
		{6C7FEBC7-3863-4222-B376-90AFD0B7B022}.Release|Any CPU.ActiveCfg = Release|Any CPU
		{6C7FEBC7-3863-4222-B376-90AFD0B7B022}.Release|Any CPU.Build.0 = Release|Any CPU
		{6C7FEBC7-3863-4222-B376-90AFD0B7B022}.Release|x64.ActiveCfg = Release|Any CPU
		{6C7FEBC7-3863-4222-B376-90AFD0B7B022}.Release|x64.Build.0 = Release|Any CPU
		{6C7FEBC7-3863-4222-B376-90AFD0B7B022}.Release|x86.ActiveCfg = Release|Any CPU
		{6C7FEBC7-3863-4222-B376-90AFD0B7B022}.Release|x86.Build.0 = Release|Any CPU
		{5A22E9C6-B31C-4EAA-AE86-85275DB1E697}.Debug|Any CPU.ActiveCfg = Debug|Any CPU
		{5A22E9C6-B31C-4EAA-AE86-85275DB1E697}.Debug|Any CPU.Build.0 = Debug|Any CPU
		{5A22E9C6-B31C-4EAA-AE86-85275DB1E697}.Debug|x64.ActiveCfg = Debug|Any CPU
		{5A22E9C6-B31C-4EAA-AE86-85275DB1E697}.Debug|x64.Build.0 = Debug|Any CPU
		{5A22E9C6-B31C-4EAA-AE86-85275DB1E697}.Debug|x86.ActiveCfg = Debug|Any CPU
		{5A22E9C6-B31C-4EAA-AE86-85275DB1E697}.Debug|x86.Build.0 = Debug|Any CPU
		{5A22E9C6-B31C-4EAA-AE86-85275DB1E697}.Release|Any CPU.ActiveCfg = Release|Any CPU
		{5A22E9C6-B31C-4EAA-AE86-85275DB1E697}.Release|Any CPU.Build.0 = Release|Any CPU
		{5A22E9C6-B31C-4EAA-AE86-85275DB1E697}.Release|x64.ActiveCfg = Release|Any CPU
		{5A22E9C6-B31C-4EAA-AE86-85275DB1E697}.Release|x64.Build.0 = Release|Any CPU
		{5A22E9C6-B31C-4EAA-AE86-85275DB1E697}.Release|x86.ActiveCfg = Release|Any CPU
		{5A22E9C6-B31C-4EAA-AE86-85275DB1E697}.Release|x86.Build.0 = Release|Any CPU
		{FB3050AE-D866-419B-AE89-64618878D596}.Debug|Any CPU.ActiveCfg = Debug|Any CPU
		{FB3050AE-D866-419B-AE89-64618878D596}.Debug|Any CPU.Build.0 = Debug|Any CPU
		{FB3050AE-D866-419B-AE89-64618878D596}.Debug|x64.ActiveCfg = Debug|Any CPU
		{FB3050AE-D866-419B-AE89-64618878D596}.Debug|x64.Build.0 = Debug|Any CPU
		{FB3050AE-D866-419B-AE89-64618878D596}.Debug|x86.ActiveCfg = Debug|Any CPU
		{FB3050AE-D866-419B-AE89-64618878D596}.Debug|x86.Build.0 = Debug|Any CPU
		{FB3050AE-D866-419B-AE89-64618878D596}.Release|Any CPU.ActiveCfg = Release|Any CPU
		{FB3050AE-D866-419B-AE89-64618878D596}.Release|Any CPU.Build.0 = Release|Any CPU
		{FB3050AE-D866-419B-AE89-64618878D596}.Release|x64.ActiveCfg = Release|Any CPU
		{FB3050AE-D866-419B-AE89-64618878D596}.Release|x64.Build.0 = Release|Any CPU
		{FB3050AE-D866-419B-AE89-64618878D596}.Release|x86.ActiveCfg = Release|Any CPU
		{FB3050AE-D866-419B-AE89-64618878D596}.Release|x86.Build.0 = Release|Any CPU
		{8C9F9285-D906-4A15-AB5F-827FEF4525AF}.Debug|Any CPU.ActiveCfg = Debug|Any CPU
		{8C9F9285-D906-4A15-AB5F-827FEF4525AF}.Debug|Any CPU.Build.0 = Debug|Any CPU
		{8C9F9285-D906-4A15-AB5F-827FEF4525AF}.Debug|x64.ActiveCfg = Debug|Any CPU
		{8C9F9285-D906-4A15-AB5F-827FEF4525AF}.Debug|x64.Build.0 = Debug|Any CPU
		{8C9F9285-D906-4A15-AB5F-827FEF4525AF}.Debug|x86.ActiveCfg = Debug|Any CPU
		{8C9F9285-D906-4A15-AB5F-827FEF4525AF}.Debug|x86.Build.0 = Debug|Any CPU
		{8C9F9285-D906-4A15-AB5F-827FEF4525AF}.Release|Any CPU.ActiveCfg = Release|Any CPU
		{8C9F9285-D906-4A15-AB5F-827FEF4525AF}.Release|Any CPU.Build.0 = Release|Any CPU
		{8C9F9285-D906-4A15-AB5F-827FEF4525AF}.Release|x64.ActiveCfg = Release|Any CPU
		{8C9F9285-D906-4A15-AB5F-827FEF4525AF}.Release|x64.Build.0 = Release|Any CPU
		{8C9F9285-D906-4A15-AB5F-827FEF4525AF}.Release|x86.ActiveCfg = Release|Any CPU
		{8C9F9285-D906-4A15-AB5F-827FEF4525AF}.Release|x86.Build.0 = Release|Any CPU
		{AAD20AA1-C091-43C4-A412-7483B98D15F9}.Debug|Any CPU.ActiveCfg = Debug|Any CPU
		{AAD20AA1-C091-43C4-A412-7483B98D15F9}.Debug|Any CPU.Build.0 = Debug|Any CPU
		{AAD20AA1-C091-43C4-A412-7483B98D15F9}.Debug|x64.ActiveCfg = Debug|Any CPU
		{AAD20AA1-C091-43C4-A412-7483B98D15F9}.Debug|x64.Build.0 = Debug|Any CPU
		{AAD20AA1-C091-43C4-A412-7483B98D15F9}.Debug|x86.ActiveCfg = Debug|Any CPU
		{AAD20AA1-C091-43C4-A412-7483B98D15F9}.Debug|x86.Build.0 = Debug|Any CPU
		{AAD20AA1-C091-43C4-A412-7483B98D15F9}.Release|Any CPU.ActiveCfg = Release|Any CPU
		{AAD20AA1-C091-43C4-A412-7483B98D15F9}.Release|Any CPU.Build.0 = Release|Any CPU
		{AAD20AA1-C091-43C4-A412-7483B98D15F9}.Release|x64.ActiveCfg = Release|Any CPU
		{AAD20AA1-C091-43C4-A412-7483B98D15F9}.Release|x64.Build.0 = Release|Any CPU
		{AAD20AA1-C091-43C4-A412-7483B98D15F9}.Release|x86.ActiveCfg = Release|Any CPU
		{AAD20AA1-C091-43C4-A412-7483B98D15F9}.Release|x86.Build.0 = Release|Any CPU
		{F259AD1B-35B0-405A-9A9A-83F43D4DE31B}.Debug|Any CPU.ActiveCfg = Debug|Any CPU
		{F259AD1B-35B0-405A-9A9A-83F43D4DE31B}.Debug|Any CPU.Build.0 = Debug|Any CPU
		{F259AD1B-35B0-405A-9A9A-83F43D4DE31B}.Debug|x64.ActiveCfg = Debug|Any CPU
		{F259AD1B-35B0-405A-9A9A-83F43D4DE31B}.Debug|x64.Build.0 = Debug|Any CPU
		{F259AD1B-35B0-405A-9A9A-83F43D4DE31B}.Debug|x86.ActiveCfg = Debug|Any CPU
		{F259AD1B-35B0-405A-9A9A-83F43D4DE31B}.Debug|x86.Build.0 = Debug|Any CPU
		{F259AD1B-35B0-405A-9A9A-83F43D4DE31B}.Release|Any CPU.ActiveCfg = Release|Any CPU
		{F259AD1B-35B0-405A-9A9A-83F43D4DE31B}.Release|Any CPU.Build.0 = Release|Any CPU
		{F259AD1B-35B0-405A-9A9A-83F43D4DE31B}.Release|x64.ActiveCfg = Release|Any CPU
		{F259AD1B-35B0-405A-9A9A-83F43D4DE31B}.Release|x64.Build.0 = Release|Any CPU
		{F259AD1B-35B0-405A-9A9A-83F43D4DE31B}.Release|x86.ActiveCfg = Release|Any CPU
		{F259AD1B-35B0-405A-9A9A-83F43D4DE31B}.Release|x86.Build.0 = Release|Any CPU
		{885D5E65-4420-4912-A9A7-A3F64B0CDD60}.Debug|Any CPU.ActiveCfg = Debug|Any CPU
		{885D5E65-4420-4912-A9A7-A3F64B0CDD60}.Debug|Any CPU.Build.0 = Debug|Any CPU
		{885D5E65-4420-4912-A9A7-A3F64B0CDD60}.Debug|x64.ActiveCfg = Debug|Any CPU
		{885D5E65-4420-4912-A9A7-A3F64B0CDD60}.Debug|x64.Build.0 = Debug|Any CPU
		{885D5E65-4420-4912-A9A7-A3F64B0CDD60}.Debug|x86.ActiveCfg = Debug|Any CPU
		{885D5E65-4420-4912-A9A7-A3F64B0CDD60}.Debug|x86.Build.0 = Debug|Any CPU
		{885D5E65-4420-4912-A9A7-A3F64B0CDD60}.Release|Any CPU.ActiveCfg = Release|Any CPU
		{885D5E65-4420-4912-A9A7-A3F64B0CDD60}.Release|Any CPU.Build.0 = Release|Any CPU
		{885D5E65-4420-4912-A9A7-A3F64B0CDD60}.Release|x64.ActiveCfg = Release|Any CPU
		{885D5E65-4420-4912-A9A7-A3F64B0CDD60}.Release|x64.Build.0 = Release|Any CPU
		{885D5E65-4420-4912-A9A7-A3F64B0CDD60}.Release|x86.ActiveCfg = Release|Any CPU
		{885D5E65-4420-4912-A9A7-A3F64B0CDD60}.Release|x86.Build.0 = Release|Any CPU
		{95519AA8-2A07-480C-B207-DF940585D665}.Debug|Any CPU.ActiveCfg = Debug|Any CPU
		{95519AA8-2A07-480C-B207-DF940585D665}.Debug|Any CPU.Build.0 = Debug|Any CPU
		{95519AA8-2A07-480C-B207-DF940585D665}.Debug|x64.ActiveCfg = Debug|Any CPU
		{95519AA8-2A07-480C-B207-DF940585D665}.Debug|x64.Build.0 = Debug|Any CPU
		{95519AA8-2A07-480C-B207-DF940585D665}.Debug|x86.ActiveCfg = Debug|Any CPU
		{95519AA8-2A07-480C-B207-DF940585D665}.Debug|x86.Build.0 = Debug|Any CPU
		{95519AA8-2A07-480C-B207-DF940585D665}.Release|Any CPU.ActiveCfg = Release|Any CPU
		{95519AA8-2A07-480C-B207-DF940585D665}.Release|Any CPU.Build.0 = Release|Any CPU
		{95519AA8-2A07-480C-B207-DF940585D665}.Release|x64.ActiveCfg = Release|Any CPU
		{95519AA8-2A07-480C-B207-DF940585D665}.Release|x64.Build.0 = Release|Any CPU
		{95519AA8-2A07-480C-B207-DF940585D665}.Release|x86.ActiveCfg = Release|Any CPU
		{95519AA8-2A07-480C-B207-DF940585D665}.Release|x86.Build.0 = Release|Any CPU
		{81614C13-2BB9-4493-910F-4C891FD9B771}.Debug|Any CPU.ActiveCfg = Debug|Any CPU
		{81614C13-2BB9-4493-910F-4C891FD9B771}.Debug|Any CPU.Build.0 = Debug|Any CPU
		{81614C13-2BB9-4493-910F-4C891FD9B771}.Debug|x64.ActiveCfg = Debug|Any CPU
		{81614C13-2BB9-4493-910F-4C891FD9B771}.Debug|x64.Build.0 = Debug|Any CPU
		{81614C13-2BB9-4493-910F-4C891FD9B771}.Debug|x86.ActiveCfg = Debug|Any CPU
		{81614C13-2BB9-4493-910F-4C891FD9B771}.Debug|x86.Build.0 = Debug|Any CPU
		{81614C13-2BB9-4493-910F-4C891FD9B771}.Release|Any CPU.ActiveCfg = Release|Any CPU
		{81614C13-2BB9-4493-910F-4C891FD9B771}.Release|Any CPU.Build.0 = Release|Any CPU
		{81614C13-2BB9-4493-910F-4C891FD9B771}.Release|x64.ActiveCfg = Release|Any CPU
		{81614C13-2BB9-4493-910F-4C891FD9B771}.Release|x64.Build.0 = Release|Any CPU
		{81614C13-2BB9-4493-910F-4C891FD9B771}.Release|x86.ActiveCfg = Release|Any CPU
		{81614C13-2BB9-4493-910F-4C891FD9B771}.Release|x86.Build.0 = Release|Any CPU
	EndGlobalSection
EndGlobal
