
Microsoft Visual Studio Solution File, Format Version 12.00
# Visual Studio 15
VisualStudioVersion = 15.0.26124.0
MinimumVisualStudioVersion = 15.0.26124.0
Project("{FAE04EC0-301F-11D3-BF4B-00C04F79EFBC}") = "DeleteBucket", "DeleteBucket\DeleteBucket.csproj", "{C1942856-4190-4228-B30D-03DF9D768C4F}"
EndProject
Project("{FAE04EC0-301F-11D3-BF4B-00C04F79EFBC}") = "DeleteBucketTest", "DeleteBucketTest\DeleteBucketTest.csproj", "{9EECB27E-D544-4AB7-AEB2-2E6903C8C633}"
EndProject
Global
	GlobalSection(SolutionConfigurationPlatforms) = preSolution
		Debug|Any CPU = Debug|Any CPU
		Debug|x64 = Debug|x64
		Debug|x86 = Debug|x86
		Release|Any CPU = Release|Any CPU
		Release|x64 = Release|x64
		Release|x86 = Release|x86
	EndGlobalSection
	GlobalSection(SolutionProperties) = preSolution
		HideSolutionNode = FALSE
	EndGlobalSection
	GlobalSection(ProjectConfigurationPlatforms) = postSolution
		{C1942856-4190-4228-B30D-03DF9D768C4F}.Debug|Any CPU.ActiveCfg = Debug|Any CPU
		{C1942856-4190-4228-B30D-03DF9D768C4F}.Debug|Any CPU.Build.0 = Debug|Any CPU
		{C1942856-4190-4228-B30D-03DF9D768C4F}.Debug|x64.ActiveCfg = Debug|Any CPU
		{C1942856-4190-4228-B30D-03DF9D768C4F}.Debug|x64.Build.0 = Debug|Any CPU
		{C1942856-4190-4228-B30D-03DF9D768C4F}.Debug|x86.ActiveCfg = Debug|Any CPU
		{C1942856-4190-4228-B30D-03DF9D768C4F}.Debug|x86.Build.0 = Debug|Any CPU
		{C1942856-4190-4228-B30D-03DF9D768C4F}.Release|Any CPU.ActiveCfg = Release|Any CPU
		{C1942856-4190-4228-B30D-03DF9D768C4F}.Release|Any CPU.Build.0 = Release|Any CPU
		{C1942856-4190-4228-B30D-03DF9D768C4F}.Release|x64.ActiveCfg = Release|Any CPU
		{C1942856-4190-4228-B30D-03DF9D768C4F}.Release|x64.Build.0 = Release|Any CPU
		{C1942856-4190-4228-B30D-03DF9D768C4F}.Release|x86.ActiveCfg = Release|Any CPU
		{C1942856-4190-4228-B30D-03DF9D768C4F}.Release|x86.Build.0 = Release|Any CPU
		{9EECB27E-D544-4AB7-AEB2-2E6903C8C633}.Debug|Any CPU.ActiveCfg = Debug|Any CPU
		{9EECB27E-D544-4AB7-AEB2-2E6903C8C633}.Debug|Any CPU.Build.0 = Debug|Any CPU
		{9EECB27E-D544-4AB7-AEB2-2E6903C8C633}.Debug|x64.ActiveCfg = Debug|Any CPU
		{9EECB27E-D544-4AB7-AEB2-2E6903C8C633}.Debug|x64.Build.0 = Debug|Any CPU
		{9EECB27E-D544-4AB7-AEB2-2E6903C8C633}.Debug|x86.ActiveCfg = Debug|Any CPU
		{9EECB27E-D544-4AB7-AEB2-2E6903C8C633}.Debug|x86.Build.0 = Debug|Any CPU
		{9EECB27E-D544-4AB7-AEB2-2E6903C8C633}.Release|Any CPU.ActiveCfg = Release|Any CPU
		{9EECB27E-D544-4AB7-AEB2-2E6903C8C633}.Release|Any CPU.Build.0 = Release|Any CPU
		{9EECB27E-D544-4AB7-AEB2-2E6903C8C633}.Release|x64.ActiveCfg = Release|Any CPU
		{9EECB27E-D544-4AB7-AEB2-2E6903C8C633}.Release|x64.Build.0 = Release|Any CPU
		{9EECB27E-D544-4AB7-AEB2-2E6903C8C633}.Release|x86.ActiveCfg = Release|Any CPU
		{9EECB27E-D544-4AB7-AEB2-2E6903C8C633}.Release|x86.Build.0 = Release|Any CPU
	EndGlobalSection
EndGlobal
