
Microsoft Visual Studio Solution File, Format Version 12.00
# Visual Studio Version 16
VisualStudioVersion = 16.0.31729.503
MinimumVisualStudioVersion = 10.0.40219.1
Project("{FAE04EC0-301F-11D3-BF4B-00C04F79EFBC}") = "DeleteBucketExample", "DeleteBucketExample.csproj", "{07C95992-5B49-4AA5-B0BD-8247F2951416}"
EndProject
Global
	GlobalSection(SolutionConfigurationPlatforms) = preSolution
		Debug|Any CPU = Debug|Any CPU
		Release|Any CPU = Release|Any CPU
	EndGlobalSection
	GlobalSection(ProjectConfigurationPlatforms) = postSolution
		{07C95992-5B49-4AA5-B0BD-8247F2951416}.Debug|Any CPU.ActiveCfg = Debug|Any CPU
		{07C95992-5B49-4AA5-B0BD-8247F2951416}.Debug|Any CPU.Build.0 = Debug|Any CPU
		{07C95992-5B49-4AA5-B0BD-8247F2951416}.Release|Any CPU.ActiveCfg = Release|Any CPU
		{07C95992-5B49-4AA5-B0BD-8247F2951416}.Release|Any CPU.Build.0 = Release|Any CPU
	EndGlobalSection
	GlobalSection(SolutionProperties) = preSolution
		HideSolutionNode = FALSE
	EndGlobalSection
	GlobalSection(ExtensibilityGlobals) = postSolution
		SolutionGuid = {672CBF21-7CE6-462C-A5AF-D7A89E3CD607}
	EndGlobalSection
EndGlobal
