
Microsoft Visual Studio Solution File, Format Version 12.00
# Visual Studio Version 16
VisualStudioVersion = 16.0.810.20
MinimumVisualStudioVersion = 10.0.40219.1
Project("{FAE04EC0-301F-11D3-BF4B-00C04F79EFBC}") = "ECSActions", "ECSActions\ECSActions.csproj", "{775C4572-76B4-492D-A1FD-606C61D1ADC2}"
EndProject
Project("{FAE04EC0-301F-11D3-BF4B-00C04F79EFBC}") = "ECSScenario", "ECSScenario\ECSScenario.csproj", "{14A438EC-C572-47C8-91E7-344932B28DF8}"
EndProject
Project("{FAE04EC0-301F-11D3-BF4B-00C04F79EFBC}") = "ECSTests", "ECSTests\ECSTests.csproj", "{D71EADB2-F6C5-4A75-BF11-B702BF931F14}"
EndProject
Global
	GlobalSection(SolutionConfigurationPlatforms) = preSolution
		Debug|Any CPU = Debug|Any CPU
		Release|Any CPU = Release|Any CPU
	EndGlobalSection
	GlobalSection(ProjectConfigurationPlatforms) = postSolution
		{775C4572-76B4-492D-A1FD-606C61D1ADC2}.Debug|Any CPU.ActiveCfg = Debug|Any CPU
		{775C4572-76B4-492D-A1FD-606C61D1ADC2}.Debug|Any CPU.Build.0 = Debug|Any CPU
		{775C4572-76B4-492D-A1FD-606C61D1ADC2}.Release|Any CPU.ActiveCfg = Release|Any CPU
		{775C4572-76B4-492D-A1FD-606C61D1ADC2}.Release|Any CPU.Build.0 = Release|Any CPU
		{14A438EC-C572-47C8-91E7-344932B28DF8}.Debug|Any CPU.ActiveCfg = Debug|Any CPU
		{14A438EC-C572-47C8-91E7-344932B28DF8}.Debug|Any CPU.Build.0 = Debug|Any CPU
		{14A438EC-C572-47C8-91E7-344932B28DF8}.Release|Any CPU.ActiveCfg = Release|Any CPU
		{14A438EC-C572-47C8-91E7-344932B28DF8}.Release|Any CPU.Build.0 = Release|Any CPU
		{D71EADB2-F6C5-4A75-BF11-B702BF931F14}.Debug|Any CPU.ActiveCfg = Debug|Any CPU
		{D71EADB2-F6C5-4A75-BF11-B702BF931F14}.Debug|Any CPU.Build.0 = Debug|Any CPU
		{D71EADB2-F6C5-4A75-BF11-B702BF931F14}.Release|Any CPU.ActiveCfg = Release|Any CPU
		{D71EADB2-F6C5-4A75-BF11-B702BF931F14}.Release|Any CPU.Build.0 = Release|Any CPU
	EndGlobalSection
	GlobalSection(SolutionProperties) = preSolution
		HideSolutionNode = FALSE
	EndGlobalSection
	GlobalSection(ExtensibilityGlobals) = postSolution
		SolutionGuid = {2416AA5E-0460-4DA0-AA2C-168F0130B0EB}
	EndGlobalSection
EndGlobal
