# THIS IS AN AUTOGENERATED FILE. DO NOT EDIT THIS FILE DIRECTLY.
# yarn lockfile v1


"@aws-crypto/ie11-detection@^2.0.0":
  version "2.0.2"
  resolved "https://registry.yarnpkg.com/@aws-crypto/ie11-detection/-/ie11-detection-2.0.2.tgz#9c39f4a5558196636031a933ec1b4792de959d6a"
  integrity sha512-5XDMQY98gMAf/WRTic5G++jfmS/VLM0rwpiOpaainKi4L0nqWMSB1SzsrEG5rjFZGYN6ZAefO+/Yta2dFM0kMw==
  dependencies:
    tslib "^1.11.1"

"@aws-crypto/sha256-browser@2.0.0":
  version "2.0.0"
  resolved "https://registry.yarnpkg.com/@aws-crypto/sha256-browser/-/sha256-browser-2.0.0.tgz#741c9024df55ec59b51e5b1f5d806a4852699fb5"
  integrity sha512-rYXOQ8BFOaqMEHJrLHul/25ckWH6GTJtdLSajhlqGMx0PmSueAuvboCuZCTqEKlxR8CQOwRarxYMZZSYlhRA1A==
  dependencies:
    "@aws-crypto/ie11-detection" "^2.0.0"
    "@aws-crypto/sha256-js" "^2.0.0"
    "@aws-crypto/supports-web-crypto" "^2.0.0"
    "@aws-crypto/util" "^2.0.0"
    "@aws-sdk/types" "^3.1.0"
    "@aws-sdk/util-locate-window" "^3.0.0"
    "@aws-sdk/util-utf8-browser" "^3.0.0"
    tslib "^1.11.1"

"@aws-crypto/sha256-js@2.0.0":
  version "2.0.0"
  resolved "https://registry.yarnpkg.com/@aws-crypto/sha256-js/-/sha256-js-2.0.0.tgz#f1f936039bdebd0b9e2dd834d65afdc2aac4efcb"
  integrity sha512-VZY+mCY4Nmrs5WGfitmNqXzaE873fcIZDu54cbaDaaamsaTOP1DBImV9F4pICc3EHjQXujyE8jig+PFCaew9ig==
  dependencies:
    "@aws-crypto/util" "^2.0.0"
    "@aws-sdk/types" "^3.1.0"
    tslib "^1.11.1"

"@aws-crypto/sha256-js@^2.0.0":
  version "2.0.2"
  resolved "https://registry.yarnpkg.com/@aws-crypto/sha256-js/-/sha256-js-2.0.2.tgz#c81e5d378b8a74ff1671b58632779986e50f4c99"
  integrity sha512-iXLdKH19qPmIC73fVCrHWCSYjN/sxaAvZ3jNNyw6FclmHyjLKg0f69WlC9KTnyElxCR5MO9SKaG00VwlJwyAkQ==
  dependencies:
    "@aws-crypto/util" "^2.0.2"
    "@aws-sdk/types" "^3.110.0"
    tslib "^1.11.1"

"@aws-crypto/supports-web-crypto@^2.0.0":
  version "2.0.2"
  resolved "https://registry.yarnpkg.com/@aws-crypto/supports-web-crypto/-/supports-web-crypto-2.0.2.tgz#9f02aafad8789cac9c0ab5faaebb1ab8aa841338"
  integrity sha512-6mbSsLHwZ99CTOOswvCRP3C+VCWnzBf+1SnbWxzzJ9lR0mA0JnY2JEAhp8rqmTE0GPFy88rrM27ffgp62oErMQ==
  dependencies:
    tslib "^1.11.1"

"@aws-crypto/util@^2.0.0", "@aws-crypto/util@^2.0.2":
  version "2.0.2"
  resolved "https://registry.yarnpkg.com/@aws-crypto/util/-/util-2.0.2.tgz#adf5ff5dfbc7713082f897f1d01e551ce0edb9c0"
  integrity sha512-Lgu5v/0e/BcrZ5m/IWqzPUf3UYFTy/PpeED+uc9SWUR1iZQL8XXbGQg10UfllwwBryO3hFF5dizK+78aoXC1eA==
  dependencies:
    "@aws-sdk/types" "^3.110.0"
    "@aws-sdk/util-utf8-browser" "^3.0.0"
    tslib "^1.11.1"

"@aws-sdk/abort-controller@3.168.0":
  version "3.168.0"
  resolved "https://registry.yarnpkg.com/@aws-sdk/abort-controller/-/abort-controller-3.168.0.tgz#f98f08022f9e3ffc38d57686e1d5e2abf7a91b06"
  integrity sha512-mvFXmdoIVV3cUmPuwzzHLB1YNjxzm7sHk99zE0zvT653kc7slThLMfO5Kc1WtblXAKbE6eqPDMcA0zg6eRM1cw==
  dependencies:
    "@aws-sdk/types" "3.168.0"
    tslib "^2.3.1"

"@aws-sdk/client-iam@^3.168.0":
  version "3.168.0"
  resolved "https://registry.yarnpkg.com/@aws-sdk/client-iam/-/client-iam-3.168.0.tgz#006450bde9251020ff9e8f7a5644b00a94d9ce9c"
  integrity sha512-4jC81UzctODm1d13FTDSXkSm6w2k8kB+NaBWZfRakoF0c0cCS9g3ZGEIGe8K9cn2T9+3C4RH+qxl+8HPmFEwbg==
  dependencies:
    "@aws-crypto/sha256-browser" "2.0.0"
    "@aws-crypto/sha256-js" "2.0.0"
    "@aws-sdk/client-sts" "3.168.0"
    "@aws-sdk/config-resolver" "3.168.0"
    "@aws-sdk/credential-provider-node" "3.168.0"
    "@aws-sdk/fetch-http-handler" "3.168.0"
    "@aws-sdk/hash-node" "3.168.0"
    "@aws-sdk/invalid-dependency" "3.168.0"
    "@aws-sdk/middleware-content-length" "3.168.0"
    "@aws-sdk/middleware-host-header" "3.168.0"
    "@aws-sdk/middleware-logger" "3.168.0"
    "@aws-sdk/middleware-recursion-detection" "3.168.0"
    "@aws-sdk/middleware-retry" "3.168.0"
    "@aws-sdk/middleware-serde" "3.168.0"
    "@aws-sdk/middleware-signing" "3.168.0"
    "@aws-sdk/middleware-stack" "3.168.0"
    "@aws-sdk/middleware-user-agent" "3.168.0"
    "@aws-sdk/node-config-provider" "3.168.0"
    "@aws-sdk/node-http-handler" "3.168.0"
    "@aws-sdk/protocol-http" "3.168.0"
    "@aws-sdk/smithy-client" "3.168.0"
    "@aws-sdk/types" "3.168.0"
    "@aws-sdk/url-parser" "3.168.0"
    "@aws-sdk/util-base64-browser" "3.168.0"
    "@aws-sdk/util-base64-node" "3.168.0"
    "@aws-sdk/util-body-length-browser" "3.168.0"
    "@aws-sdk/util-body-length-node" "3.168.0"
    "@aws-sdk/util-defaults-mode-browser" "3.168.0"
    "@aws-sdk/util-defaults-mode-node" "3.168.0"
    "@aws-sdk/util-user-agent-browser" "3.168.0"
    "@aws-sdk/util-user-agent-node" "3.168.0"
    "@aws-sdk/util-utf8-browser" "3.168.0"
    "@aws-sdk/util-utf8-node" "3.168.0"
    "@aws-sdk/util-waiter" "3.168.0"
    entities "2.2.0"
    fast-xml-parser "3.19.0"
    tslib "^2.3.1"

"@aws-sdk/client-sso@3.168.0":
  version "3.168.0"
  resolved "https://registry.yarnpkg.com/@aws-sdk/client-sso/-/client-sso-3.168.0.tgz#c900f853800605849fc5f6526a634dd7ab7ea0f9"
  integrity sha512-QOUmaHKu2K7XlAGlC9zlbldYwm0kSoJ8bJqZQqGI2xhUsSdjJDTaJUm1oOOhg2f3afsluZbCiQvttJpy+y+qnA==
  dependencies:
    "@aws-crypto/sha256-browser" "2.0.0"
    "@aws-crypto/sha256-js" "2.0.0"
    "@aws-sdk/config-resolver" "3.168.0"
    "@aws-sdk/fetch-http-handler" "3.168.0"
    "@aws-sdk/hash-node" "3.168.0"
    "@aws-sdk/invalid-dependency" "3.168.0"
    "@aws-sdk/middleware-content-length" "3.168.0"
    "@aws-sdk/middleware-host-header" "3.168.0"
    "@aws-sdk/middleware-logger" "3.168.0"
    "@aws-sdk/middleware-recursion-detection" "3.168.0"
    "@aws-sdk/middleware-retry" "3.168.0"
    "@aws-sdk/middleware-serde" "3.168.0"
    "@aws-sdk/middleware-stack" "3.168.0"
    "@aws-sdk/middleware-user-agent" "3.168.0"
    "@aws-sdk/node-config-provider" "3.168.0"
    "@aws-sdk/node-http-handler" "3.168.0"
    "@aws-sdk/protocol-http" "3.168.0"
    "@aws-sdk/smithy-client" "3.168.0"
    "@aws-sdk/types" "3.168.0"
    "@aws-sdk/url-parser" "3.168.0"
    "@aws-sdk/util-base64-browser" "3.168.0"
    "@aws-sdk/util-base64-node" "3.168.0"
    "@aws-sdk/util-body-length-browser" "3.168.0"
    "@aws-sdk/util-body-length-node" "3.168.0"
    "@aws-sdk/util-defaults-mode-browser" "3.168.0"
    "@aws-sdk/util-defaults-mode-node" "3.168.0"
    "@aws-sdk/util-user-agent-browser" "3.168.0"
    "@aws-sdk/util-user-agent-node" "3.168.0"
    "@aws-sdk/util-utf8-browser" "3.168.0"
    "@aws-sdk/util-utf8-node" "3.168.0"
    tslib "^2.3.1"

"@aws-sdk/client-sts@3.168.0":
  version "3.168.0"
  resolved "https://registry.yarnpkg.com/@aws-sdk/client-sts/-/client-sts-3.168.0.tgz#649db462d43b234d032b3a6563e0d0c6947c50c7"
  integrity sha512-9R6I+d6W3Qx/thQYEwVrpAYRywDLQtVWY6LhOt2NguW5GTUi/NZ7QDc6s9QyDdlZGO62DzO24UKnlpc5y4XWxQ==
  dependencies:
    "@aws-crypto/sha256-browser" "2.0.0"
    "@aws-crypto/sha256-js" "2.0.0"
    "@aws-sdk/config-resolver" "3.168.0"
    "@aws-sdk/credential-provider-node" "3.168.0"
    "@aws-sdk/fetch-http-handler" "3.168.0"
    "@aws-sdk/hash-node" "3.168.0"
    "@aws-sdk/invalid-dependency" "3.168.0"
    "@aws-sdk/middleware-content-length" "3.168.0"
    "@aws-sdk/middleware-host-header" "3.168.0"
    "@aws-sdk/middleware-logger" "3.168.0"
    "@aws-sdk/middleware-recursion-detection" "3.168.0"
    "@aws-sdk/middleware-retry" "3.168.0"
    "@aws-sdk/middleware-sdk-sts" "3.168.0"
    "@aws-sdk/middleware-serde" "3.168.0"
    "@aws-sdk/middleware-signing" "3.168.0"
    "@aws-sdk/middleware-stack" "3.168.0"
    "@aws-sdk/middleware-user-agent" "3.168.0"
    "@aws-sdk/node-config-provider" "3.168.0"
    "@aws-sdk/node-http-handler" "3.168.0"
    "@aws-sdk/protocol-http" "3.168.0"
    "@aws-sdk/smithy-client" "3.168.0"
    "@aws-sdk/types" "3.168.0"
    "@aws-sdk/url-parser" "3.168.0"
    "@aws-sdk/util-base64-browser" "3.168.0"
    "@aws-sdk/util-base64-node" "3.168.0"
    "@aws-sdk/util-body-length-browser" "3.168.0"
    "@aws-sdk/util-body-length-node" "3.168.0"
    "@aws-sdk/util-defaults-mode-browser" "3.168.0"
    "@aws-sdk/util-defaults-mode-node" "3.168.0"
    "@aws-sdk/util-user-agent-browser" "3.168.0"
    "@aws-sdk/util-user-agent-node" "3.168.0"
    "@aws-sdk/util-utf8-browser" "3.168.0"
    "@aws-sdk/util-utf8-node" "3.168.0"
    entities "2.2.0"
    fast-xml-parser "3.19.0"
    tslib "^2.3.1"

"@aws-sdk/config-resolver@3.168.0":
  version "3.168.0"
  resolved "https://registry.yarnpkg.com/@aws-sdk/config-resolver/-/config-resolver-3.168.0.tgz#933c4d4b7b982253f9006f14658f6bbf45b158ca"
  integrity sha512-eSGHsa5kDIpBtBr1HhM9n0Deb+uSyr5pvk39WPFf5CTGvIqe52Fg9s1/Jz54rDwlgsfPzufX7TrCXgUhMwb8+w==
  dependencies:
    "@aws-sdk/signature-v4" "3.168.0"
    "@aws-sdk/types" "3.168.0"
    "@aws-sdk/util-config-provider" "3.168.0"
    "@aws-sdk/util-middleware" "3.168.0"
    tslib "^2.3.1"

"@aws-sdk/credential-provider-env@3.168.0":
  version "3.168.0"
  resolved "https://registry.yarnpkg.com/@aws-sdk/credential-provider-env/-/credential-provider-env-3.168.0.tgz#9b6e7095cb711ab917f447507899a02945d7b5e4"
  integrity sha512-dzblFOkmH0FzYuckCJYVH/d+HEGO814B0gVt0HnaIvsS5skDSDBXD+/S9AX6BAKTNBWP8BVcn7+u+oS5l7GBkQ==
  dependencies:
    "@aws-sdk/property-provider" "3.168.0"
    "@aws-sdk/types" "3.168.0"
    tslib "^2.3.1"

"@aws-sdk/credential-provider-imds@3.168.0":
  version "3.168.0"
  resolved "https://registry.yarnpkg.com/@aws-sdk/credential-provider-imds/-/credential-provider-imds-3.168.0.tgz#4a28508865df552de0e4d22a491c3e6764569154"
  integrity sha512-Ua2zTmo0eep/fGh3SL9W0ERlGRkEAiP2IEC63QbRZKK+5Xg6RIgqij7hQHvKLY78zBDd7exnU9W1AMnt9lOd1A==
  dependencies:
    "@aws-sdk/node-config-provider" "3.168.0"
    "@aws-sdk/property-provider" "3.168.0"
    "@aws-sdk/types" "3.168.0"
    "@aws-sdk/url-parser" "3.168.0"
    tslib "^2.3.1"

"@aws-sdk/credential-provider-ini@3.168.0":
  version "3.168.0"
  resolved "https://registry.yarnpkg.com/@aws-sdk/credential-provider-ini/-/credential-provider-ini-3.168.0.tgz#c8a1947337c0042469f135c825063ddad25eda9b"
  integrity sha512-CYs9ctzxMHpj+alfrw2qRbej9VD8nAdhoVWm88hdtEta9GsaRvX2foNQbnkX6uoBca1AUSHdQ4d9v8dcOhQTNQ==
  dependencies:
    "@aws-sdk/credential-provider-env" "3.168.0"
    "@aws-sdk/credential-provider-imds" "3.168.0"
    "@aws-sdk/credential-provider-sso" "3.168.0"
    "@aws-sdk/credential-provider-web-identity" "3.168.0"
    "@aws-sdk/property-provider" "3.168.0"
    "@aws-sdk/shared-ini-file-loader" "3.168.0"
    "@aws-sdk/types" "3.168.0"
    tslib "^2.3.1"

"@aws-sdk/credential-provider-node@3.168.0":
  version "3.168.0"
  resolved "https://registry.yarnpkg.com/@aws-sdk/credential-provider-node/-/credential-provider-node-3.168.0.tgz#0c24255252bd7e322b92ebecfe2606b1ea1f6b95"
  integrity sha512-gGsVp68cVBntrMj6jSzDDNJIw3mp2TA18eQf5Rayl7LWZM60kqvEmhWbVRXFrLNKFcUiiTfSACGtkS/Pz60Sog==
  dependencies:
    "@aws-sdk/credential-provider-env" "3.168.0"
    "@aws-sdk/credential-provider-imds" "3.168.0"
    "@aws-sdk/credential-provider-ini" "3.168.0"
    "@aws-sdk/credential-provider-process" "3.168.0"
    "@aws-sdk/credential-provider-sso" "3.168.0"
    "@aws-sdk/credential-provider-web-identity" "3.168.0"
    "@aws-sdk/property-provider" "3.168.0"
    "@aws-sdk/shared-ini-file-loader" "3.168.0"
    "@aws-sdk/types" "3.168.0"
    tslib "^2.3.1"

"@aws-sdk/credential-provider-process@3.168.0":
  version "3.168.0"
  resolved "https://registry.yarnpkg.com/@aws-sdk/credential-provider-process/-/credential-provider-process-3.168.0.tgz#f9d0b4777dad993eb3e94fc7dd71f7c253a9d73a"
  integrity sha512-Yni2S+yHLkUvDI30ZNkEOao2hSBj1eeQvWBUEJsgCFvHdlFDwOYwIueDmrBggqUISUgCLb6y/eylqeMvjN3Eyw==
  dependencies:
    "@aws-sdk/property-provider" "3.168.0"
    "@aws-sdk/shared-ini-file-loader" "3.168.0"
    "@aws-sdk/types" "3.168.0"
    tslib "^2.3.1"

"@aws-sdk/credential-provider-sso@3.168.0":
  version "3.168.0"
  resolved "https://registry.yarnpkg.com/@aws-sdk/credential-provider-sso/-/credential-provider-sso-3.168.0.tgz#3303632d3d402a4a4aafa118d03127e20033ac5f"
  integrity sha512-X4hv5aLcySHGB2jPl1hTQ+AhBqWsyEYyjtBvi5N1fJLbNtYQR4XwbAeU3uf/SPph+TqTzGjigb9T/sjyO2/sBg==
  dependencies:
    "@aws-sdk/client-sso" "3.168.0"
    "@aws-sdk/property-provider" "3.168.0"
    "@aws-sdk/shared-ini-file-loader" "3.168.0"
    "@aws-sdk/types" "3.168.0"
    tslib "^2.3.1"

"@aws-sdk/credential-provider-web-identity@3.168.0":
  version "3.168.0"
  resolved "https://registry.yarnpkg.com/@aws-sdk/credential-provider-web-identity/-/credential-provider-web-identity-3.168.0.tgz#c6ac9ced8bc4c928ccb26e3837ff8c45339b17f3"
  integrity sha512-hz7wj8htY6s3/TubzH/YOd6f4bxO26GYupCTvKZlWdErLUmZ8h3hG/9xO/5kWOakD40T3MXT7HIo2rvEWg1GWw==
  dependencies:
    "@aws-sdk/property-provider" "3.168.0"
    "@aws-sdk/types" "3.168.0"
    tslib "^2.3.1"

"@aws-sdk/fetch-http-handler@3.168.0":
  version "3.168.0"
  resolved "https://registry.yarnpkg.com/@aws-sdk/fetch-http-handler/-/fetch-http-handler-3.168.0.tgz#8093d7341746a29b87e945f9f40515c5b2e05bed"
  integrity sha512-D4vN6zbF/RA7czw34gFhjsfOD5fkkLxLvmW8zbrJSsrex79Ju96NFuNBs7TtaV2btfXC7SkhhI/z+E81BxqRpg==
  dependencies:
    "@aws-sdk/protocol-http" "3.168.0"
    "@aws-sdk/querystring-builder" "3.168.0"
    "@aws-sdk/types" "3.168.0"
    "@aws-sdk/util-base64-browser" "3.168.0"
    tslib "^2.3.1"

"@aws-sdk/hash-node@3.168.0":
  version "3.168.0"
  resolved "https://registry.yarnpkg.com/@aws-sdk/hash-node/-/hash-node-3.168.0.tgz#807afb8663569e35acc072dff94239b95f13a2d4"
  integrity sha512-W2kMIuMric2Q2D4787DGubHz3Pw5fWDndM2gMjs/MB1psC/N74/ggRUIlUmsjSBFUHY1BYMfjsxe8DS9dSj77A==
  dependencies:
    "@aws-sdk/types" "3.168.0"
    "@aws-sdk/util-buffer-from" "3.168.0"
    tslib "^2.3.1"

"@aws-sdk/invalid-dependency@3.168.0":
  version "3.168.0"
  resolved "https://registry.yarnpkg.com/@aws-sdk/invalid-dependency/-/invalid-dependency-3.168.0.tgz#a44e8e0248bd591f06f6fe5a8a2896c54b42745e"
  integrity sha512-KuDn4e1XsxBQi+dAoRfSOExICq+Gt5zGA7/dI2jnfqejBNHVmJ8ksOnV/HmilFscPxdJx5POECQosf3p/N4t9w==
  dependencies:
    "@aws-sdk/types" "3.168.0"
    tslib "^2.3.1"

"@aws-sdk/is-array-buffer@3.168.0":
  version "3.168.0"
  resolved "https://registry.yarnpkg.com/@aws-sdk/is-array-buffer/-/is-array-buffer-3.168.0.tgz#4cd8492246e00763a225684bcf5150d76ed99eb4"
  integrity sha512-Zvt8a/g1UfvwmhxOnt/hDrFprC3+DQivFQGnzwBpv+ZyM1BfdgAruAkUZF+GtXI22DXZUumBrposCH1CcgjeIA==
  dependencies:
    tslib "^2.3.1"

"@aws-sdk/middleware-content-length@3.168.0":
  version "3.168.0"
  resolved "https://registry.yarnpkg.com/@aws-sdk/middleware-content-length/-/middleware-content-length-3.168.0.tgz#ba553e563467bd6da8006c96ac87ee6de337c9fc"
  integrity sha512-PHvoNIuXkLkBZ/0OSmFlCmA1o+RdqkNWwNm7/rIMe9cV+ZgtP9kQs+e4itibQb82veHTwG37+B7OAGa0DGqIvg==
  dependencies:
    "@aws-sdk/protocol-http" "3.168.0"
    "@aws-sdk/types" "3.168.0"
    tslib "^2.3.1"

"@aws-sdk/middleware-host-header@3.168.0":
  version "3.168.0"
  resolved "https://registry.yarnpkg.com/@aws-sdk/middleware-host-header/-/middleware-host-header-3.168.0.tgz#d5f2b51880e53e2848b65c8d767c3183cbad1f67"
  integrity sha512-420rWpd/fsoPzRnMkyUFW1in6jpa1kbVCuewY5cqoH9uQcthrNJ0l9IgePDEMdymIMxGBfwiQERvUYogUadxrw==
  dependencies:
    "@aws-sdk/protocol-http" "3.168.0"
    "@aws-sdk/types" "3.168.0"
    tslib "^2.3.1"

"@aws-sdk/middleware-logger@3.168.0":
  version "3.168.0"
  resolved "https://registry.yarnpkg.com/@aws-sdk/middleware-logger/-/middleware-logger-3.168.0.tgz#056384dc42fb1494afbef2d2b8d168dbc6f50e13"
  integrity sha512-5xeBlHQz/iWVor04eZLTfygj5T9zvLsngrUVb8FkHDzzNqT9+QwoA0iZoT8Vq5khfZK7UE7SWm2Hi/13t9T9+w==
  dependencies:
    "@aws-sdk/types" "3.168.0"
    tslib "^2.3.1"

"@aws-sdk/middleware-recursion-detection@3.168.0":
  version "3.168.0"
  resolved "https://registry.yarnpkg.com/@aws-sdk/middleware-recursion-detection/-/middleware-recursion-detection-3.168.0.tgz#0afd175822aaceca91cfb520a40f70db9d859475"
  integrity sha512-4sr3E37PUDQSpE205d+kGcaJmZj7kE/I50qyf39U0jphk121AZXdKCWDs/T7g/d4LVJLoe6N+zzZIg4ZWVUUZw==
  dependencies:
    "@aws-sdk/protocol-http" "3.168.0"
    "@aws-sdk/types" "3.168.0"
    tslib "^2.3.1"

"@aws-sdk/middleware-retry@3.168.0":
  version "3.168.0"
  resolved "https://registry.yarnpkg.com/@aws-sdk/middleware-retry/-/middleware-retry-3.168.0.tgz#cccdc77fe4a3e83491e95204201a033e8931107f"
  integrity sha512-LriHTAccnfEpeV+IccbWN59JVz+De97pvmJMu5NyUUq/+c2VIJAM+n0MDbHJP6EXuKFGOAXJZf8HVC2sbnXwCw==
  dependencies:
    "@aws-sdk/protocol-http" "3.168.0"
    "@aws-sdk/service-error-classification" "3.168.0"
    "@aws-sdk/types" "3.168.0"
    "@aws-sdk/util-middleware" "3.168.0"
    tslib "^2.3.1"
    uuid "^8.3.2"

"@aws-sdk/middleware-sdk-sts@3.168.0":
  version "3.168.0"
  resolved "https://registry.yarnpkg.com/@aws-sdk/middleware-sdk-sts/-/middleware-sdk-sts-3.168.0.tgz#819d1697c402c3ae2ed77a4be6f73710503035b2"
  integrity sha512-uE5VYczEkoCG/G63Whp4dGKFouDjx0Jj4vZj7Z4oEQSv/eynBm1+AQAtWA4zJQfYO60lFKOSiBykv/c1hk09Mg==
  dependencies:
    "@aws-sdk/middleware-signing" "3.168.0"
    "@aws-sdk/property-provider" "3.168.0"
    "@aws-sdk/protocol-http" "3.168.0"
    "@aws-sdk/signature-v4" "3.168.0"
    "@aws-sdk/types" "3.168.0"
    tslib "^2.3.1"

"@aws-sdk/middleware-serde@3.168.0":
  version "3.168.0"
  resolved "https://registry.yarnpkg.com/@aws-sdk/middleware-serde/-/middleware-serde-3.168.0.tgz#c6c615ce02f7931a5040f4fdc5162189c54e3e66"
  integrity sha512-6z3iySqCjhV5NVEF3o++TgvK1XOBauYdZFCZk4foMxyh/wZ4MB+uIQ/D2AeHExzFGyrPjx0S0gZb4z8st6q9mA==
  dependencies:
    "@aws-sdk/types" "3.168.0"
    tslib "^2.3.1"

"@aws-sdk/middleware-signing@3.168.0":
  version "3.168.0"
  resolved "https://registry.yarnpkg.com/@aws-sdk/middleware-signing/-/middleware-signing-3.168.0.tgz#cd6ff279e0482bd7354a28a4d1e0ee7da1dd28b5"
  integrity sha512-yQme9D4bNRdrPQH50a3oJfbf+54Dm1MkW4yjwIwpRoGkxAs2T7sjc3/u/Wo/Jy3g5yzM1Ven3KU+nlKOMNOpAw==
  dependencies:
    "@aws-sdk/property-provider" "3.168.0"
    "@aws-sdk/protocol-http" "3.168.0"
    "@aws-sdk/signature-v4" "3.168.0"
    "@aws-sdk/types" "3.168.0"
    tslib "^2.3.1"

"@aws-sdk/middleware-stack@3.168.0":
  version "3.168.0"
  resolved "https://registry.yarnpkg.com/@aws-sdk/middleware-stack/-/middleware-stack-3.168.0.tgz#56baa1d58d235bfc3285384e51736b7ec3b71cc8"
  integrity sha512-tUMa6gQFqyRC9xRy1cfQAX/K84LkFC+NAyENoDn4cbLvTJpH6tLPINFktaXLkKl2bdzGGWLHefxriBjTqZB+rg==
  dependencies:
    tslib "^2.3.1"

"@aws-sdk/middleware-user-agent@3.168.0":
  version "3.168.0"
  resolved "https://registry.yarnpkg.com/@aws-sdk/middleware-user-agent/-/middleware-user-agent-3.168.0.tgz#429f14ea4ea560021587b8a0e934439e8e4aad7e"
  integrity sha512-nwcWN1tz39s4IWyx1lxak/W9LdLnusQEdb+0pnJFWTCNhba3BvlAnt1sZFDwbFRmRUbU3x+hhpNB+Xub2hFttg==
  dependencies:
    "@aws-sdk/protocol-http" "3.168.0"
    "@aws-sdk/types" "3.168.0"
    tslib "^2.3.1"

"@aws-sdk/node-config-provider@3.168.0":
  version "3.168.0"
  resolved "https://registry.yarnpkg.com/@aws-sdk/node-config-provider/-/node-config-provider-3.168.0.tgz#98a8c332850528afb83d1265e17eaff24392a0a7"
  integrity sha512-8su32ifopNLb835NudTdxyv4fQ+7Eie17MjbqnvOeWmjFAgzJyIVJjyvMI+N8Gu3dDCTxSbBh3hl++VOzL+oXg==
  dependencies:
    "@aws-sdk/property-provider" "3.168.0"
    "@aws-sdk/shared-ini-file-loader" "3.168.0"
    "@aws-sdk/types" "3.168.0"
    tslib "^2.3.1"

"@aws-sdk/node-http-handler@3.168.0":
  version "3.168.0"
  resolved "https://registry.yarnpkg.com/@aws-sdk/node-http-handler/-/node-http-handler-3.168.0.tgz#6978977635f8bec3a37806a1cd54c11424ed751f"
  integrity sha512-yO68M12LUJa/bhuljSRCtLbmWvnS0eopoE3P2+xzV2JzkIg5r+bJmh/VtpDz8D2PxZhRALwBchjq8h+Po6rhcQ==
  dependencies:
    "@aws-sdk/abort-controller" "3.168.0"
    "@aws-sdk/protocol-http" "3.168.0"
    "@aws-sdk/querystring-builder" "3.168.0"
    "@aws-sdk/types" "3.168.0"
    tslib "^2.3.1"

"@aws-sdk/property-provider@3.168.0":
  version "3.168.0"
  resolved "https://registry.yarnpkg.com/@aws-sdk/property-provider/-/property-provider-3.168.0.tgz#abdcc76545c56f2fb2542db34bab0aafbe35576b"
  integrity sha512-syvXTexP2t9HQY3dsfpPgUP5GjFcpBVzPfxd8GjLWFRcqBCQ5frdetkAfvnhPpytL/stauXuT1xv6jcN1vBAZQ==
  dependencies:
    "@aws-sdk/types" "3.168.0"
    tslib "^2.3.1"

"@aws-sdk/protocol-http@3.168.0":
  version "3.168.0"
  resolved "https://registry.yarnpkg.com/@aws-sdk/protocol-http/-/protocol-http-3.168.0.tgz#17674afb026789b739e640956bc36794b4c3e81e"
  integrity sha512-5g7T5WqeU1W/TShfOYiczZFOK5svsQajjSGs1drB2DBQlbepF5YSmVbFGrfX6003h4TV9hpA6CqOjbgd59NgGA==
  dependencies:
    "@aws-sdk/types" "3.168.0"
    tslib "^2.3.1"

"@aws-sdk/querystring-builder@3.168.0":
  version "3.168.0"
  resolved "https://registry.yarnpkg.com/@aws-sdk/querystring-builder/-/querystring-builder-3.168.0.tgz#bdd6cc0656ddb17997ba059afe02e0bd3724124c"
  integrity sha512-cCjdmRKf+zVc/Whc9fP3DqB6QTBz0MsJ2uGqYCWG8kqBr4W8nDZVNRVj4Q1zZjQzipU7+77xJAE8NSIl+RsubA==
  dependencies:
    "@aws-sdk/types" "3.168.0"
    "@aws-sdk/util-uri-escape" "3.168.0"
    tslib "^2.3.1"

"@aws-sdk/querystring-parser@3.168.0":
  version "3.168.0"
  resolved "https://registry.yarnpkg.com/@aws-sdk/querystring-parser/-/querystring-parser-3.168.0.tgz#8e768667a8e472fc23dabe6069351a6963157cb6"
  integrity sha512-O82vxPyoLRuqcCFxAQYuvDwOdMOaQ/hqlaC8Tw6qNE3wpJ1296M51Zgb7lPfIlSxzAc96H//Q+d1t5MViK2SFg==
  dependencies:
    "@aws-sdk/types" "3.168.0"
    tslib "^2.3.1"

"@aws-sdk/service-error-classification@3.168.0":
  version "3.168.0"
  resolved "https://registry.yarnpkg.com/@aws-sdk/service-error-classification/-/service-error-classification-3.168.0.tgz#e5c5879dae22ba7a3e2340933e2136407813eabc"
  integrity sha512-cW1U3YMMRLukx5/Fl7NpCsaFgcDkOOZVUaW2qLghJOakt1dc6OwgtPlS7toC9A7zjMIovqYwcksHO5mCyqrPlA==

"@aws-sdk/shared-ini-file-loader@3.168.0":
  version "3.168.0"
  resolved "https://registry.yarnpkg.com/@aws-sdk/shared-ini-file-loader/-/shared-ini-file-loader-3.168.0.tgz#c1f5f9c87d41400272edc0c8b4b2df0acd782820"
  integrity sha512-K97HWEySV6HJC4CLyimVuqit4FILW4BtTU62jCaEwoPvg1XPAolCzzWfLClJ0GWfyf32+o30wJj8SgHuIuN2Qw==
  dependencies:
    tslib "^2.3.1"

"@aws-sdk/signature-v4@3.168.0":
  version "3.168.0"
  resolved "https://registry.yarnpkg.com/@aws-sdk/signature-v4/-/signature-v4-3.168.0.tgz#4488efb8436db3cab01b8808ea6b988ab81ed01c"
  integrity sha512-jb98UrZ4d07Wr1mUVDY1HRlbEOVoPFZ38e4k20AUEXybxhsvlQhfAfaDITFg3UwMO978m4VAsjpzw8h8WGsNQw==
  dependencies:
    "@aws-sdk/is-array-buffer" "3.168.0"
    "@aws-sdk/types" "3.168.0"
    "@aws-sdk/util-hex-encoding" "3.168.0"
    "@aws-sdk/util-middleware" "3.168.0"
    "@aws-sdk/util-uri-escape" "3.168.0"
    tslib "^2.3.1"

"@aws-sdk/smithy-client@3.168.0":
  version "3.168.0"
  resolved "https://registry.yarnpkg.com/@aws-sdk/smithy-client/-/smithy-client-3.168.0.tgz#c16045468c8878454a6228376cdc1535004ac590"
  integrity sha512-B2wuTg5ymTYA7eVkt73bdRlWNWvdWNRY3QQizTWn0Ch3nOZXyVZSdH4mGmuWcpiQXEX/YYGmTLY7nCKWrk1E6Q==
  dependencies:
    "@aws-sdk/middleware-stack" "3.168.0"
    "@aws-sdk/types" "3.168.0"
    tslib "^2.3.1"

"@aws-sdk/types@3.168.0", "@aws-sdk/types@^3.1.0", "@aws-sdk/types@^3.110.0":
  version "3.168.0"
  resolved "https://registry.yarnpkg.com/@aws-sdk/types/-/types-3.168.0.tgz#0c5734b94033a15ddec3723afc9ed99d40315620"
  integrity sha512-J9VmQAakmqrdYKt3N0T/zQR6ZkfvQ7Y3WufjEWRTdslYcQ9f7UyI93Q21baCHvgcp3E5c4w62x18o6mEA/cHPQ==

"@aws-sdk/url-parser@3.168.0":
  version "3.168.0"
  resolved "https://registry.yarnpkg.com/@aws-sdk/url-parser/-/url-parser-3.168.0.tgz#16958e36c93ebcecbed809ad9a5d8af0f40b186d"
  integrity sha512-spFHA6NpsmAF3NCYyljjvl7uavHRvFDCNN32ce9RuRUXXuK8emAtwzXW95OUqtgCcyyKIA5p5p+gujrT7Npmeg==
  dependencies:
    "@aws-sdk/querystring-parser" "3.168.0"
    "@aws-sdk/types" "3.168.0"
    tslib "^2.3.1"

"@aws-sdk/util-base64-browser@3.168.0":
  version "3.168.0"
  resolved "https://registry.yarnpkg.com/@aws-sdk/util-base64-browser/-/util-base64-browser-3.168.0.tgz#da17a371f96d65503f52c9f645d79052dfc54029"
  integrity sha512-awyUvPXWbV5SrpUY8vTA58RTdTnDFJJmVlCXGB8JCtWYVuAQ5FfKA/K0ZD6p+AP6AsCgHSvXCuZm8vFyZldJ2Q==
  dependencies:
    tslib "^2.3.1"

"@aws-sdk/util-base64-node@3.168.0":
  version "3.168.0"
  resolved "https://registry.yarnpkg.com/@aws-sdk/util-base64-node/-/util-base64-node-3.168.0.tgz#9c31efc306fe2c35cf655743831ecfd4d7dce39f"
  integrity sha512-NqU7t3Fes0QngHwAZoIKeXyUZOoszEwGuerj1wZk6+Jd6X4L5NdBcBg8AA2VMyRdSFhCP+irgVRZrYSn0Ii66g==
  dependencies:
    "@aws-sdk/util-buffer-from" "3.168.0"
    tslib "^2.3.1"

"@aws-sdk/util-body-length-browser@3.168.0":
  version "3.168.0"
  resolved "https://registry.yarnpkg.com/@aws-sdk/util-body-length-browser/-/util-body-length-browser-3.168.0.tgz#670bdd6e94d94d310666524e91d664814bbb4e5a"
  integrity sha512-s51E8ctLKCoLqcj4a1YsIVX1sMLwf1f9lNfhnE8H7U85BeqTAtjAifdejDdFtxS4ECF95cupzN6PgqFmgdrzpQ==
  dependencies:
    tslib "^2.3.1"

"@aws-sdk/util-body-length-node@3.168.0":
  version "3.168.0"
  resolved "https://registry.yarnpkg.com/@aws-sdk/util-body-length-node/-/util-body-length-node-3.168.0.tgz#e9121883bbcfc22035fd567d6285ad352a51b267"
  integrity sha512-vKG9iylTshwzHsVsRpx3oLDMtBvG47b3TIMGQFSuCDPEwD91+s1ORe3r+RxJIWDYJtmw5Y5ZPveYib4p4rWSUQ==
  dependencies:
    tslib "^2.3.1"

"@aws-sdk/util-buffer-from@3.168.0":
  version "3.168.0"
  resolved "https://registry.yarnpkg.com/@aws-sdk/util-buffer-from/-/util-buffer-from-3.168.0.tgz#18bc11f81a5cc30c56ca17784a6e6e73084efc32"
  integrity sha512-NDQIBdJfK95N/zewOcEJC9NqNVRXzWHrgKJTdCTW4UuRBADg3YTeDmqmNA2TUaWydQZa0ubpX3JyaKz4l3DDZw==
  dependencies:
    "@aws-sdk/is-array-buffer" "3.168.0"
    tslib "^2.3.1"

"@aws-sdk/util-config-provider@3.168.0":
  version "3.168.0"
  resolved "https://registry.yarnpkg.com/@aws-sdk/util-config-provider/-/util-config-provider-3.168.0.tgz#4eaf6dc1ee612d89876335c3c45dfb64b77d57c3"
  integrity sha512-4AyBOlV2w8fqQ1Os9khnjrsAogBN7ou0bRS1Q34Y9zwtFL+T+xhHO0pp9+Yfw+E6s2Uy3DZWbq8PWyBZze6nuw==
  dependencies:
    tslib "^2.3.1"

"@aws-sdk/util-defaults-mode-browser@3.168.0":
  version "3.168.0"
  resolved "https://registry.yarnpkg.com/@aws-sdk/util-defaults-mode-browser/-/util-defaults-mode-browser-3.168.0.tgz#2430e83d98c3674d2b9b5584c5b0a05810951936"
  integrity sha512-5lB9eDMkaittKbdugurzJx32quGrQar+ki3oebjJQZl4/gsDVRqOT9qwz95RVeXdEIUdA4U3T/1OgSNUT9aMyA==
  dependencies:
    "@aws-sdk/property-provider" "3.168.0"
    "@aws-sdk/types" "3.168.0"
    bowser "^2.11.0"
    tslib "^2.3.1"

"@aws-sdk/util-defaults-mode-node@3.168.0":
  version "3.168.0"
  resolved "https://registry.yarnpkg.com/@aws-sdk/util-defaults-mode-node/-/util-defaults-mode-node-3.168.0.tgz#6f97897eab510b1c7615bb8d822ae26fca5dc297"
  integrity sha512-462U5waEl495rP0WaKHXS6rrKHusMMBYvHzMzD3/gpSEwMZti0ZWLzhHNRcWp7d3uRVVdAsjF4UM6QwhJrScmA==
  dependencies:
    "@aws-sdk/config-resolver" "3.168.0"
    "@aws-sdk/credential-provider-imds" "3.168.0"
    "@aws-sdk/node-config-provider" "3.168.0"
    "@aws-sdk/property-provider" "3.168.0"
    "@aws-sdk/types" "3.168.0"
    tslib "^2.3.1"

"@aws-sdk/util-hex-encoding@3.168.0":
  version "3.168.0"
  resolved "https://registry.yarnpkg.com/@aws-sdk/util-hex-encoding/-/util-hex-encoding-3.168.0.tgz#66d0ae56305080525fd48ad5ea6d07ba2e3afd23"
  integrity sha512-KmJkd0eKXGd2z5h2N0yV6WUBqulwumq2eppv6pYrVfyQc0bBwSOYRG0NcXDvQB7rd+spbQjgbeqrHnsk34fQbQ==
  dependencies:
    tslib "^2.3.1"

"@aws-sdk/util-locate-window@^3.0.0":
  version "3.168.0"
  resolved "https://registry.yarnpkg.com/@aws-sdk/util-locate-window/-/util-locate-window-3.168.0.tgz#50e2eb5f29f9ecbc41da05b1e893f20603a14709"
  integrity sha512-bCKN6rbTTA41cqm7TYuiSkXR8peSXR/t8GioeEOExPESNgR7kuwVU4pQ2LZYjnD1HqLtz3FKKKddvBJhmqpG8Q==
  dependencies:
    tslib "^2.3.1"

"@aws-sdk/util-middleware@3.168.0":
  version "3.168.0"
  resolved "https://registry.yarnpkg.com/@aws-sdk/util-middleware/-/util-middleware-3.168.0.tgz#aadec886e3733fe0297b3e661a30e1b406df9cae"
  integrity sha512-PInwsmxfXj4HhZytF5kZP6BYJ3mVW2QTzxSnKobkIfRnZHwBEGL74voaArfbbAfqvxzptDY6x4vo4N5Mo7M4hA==
  dependencies:
    tslib "^2.3.1"

"@aws-sdk/util-uri-escape@3.168.0":
  version "3.168.0"
  resolved "https://registry.yarnpkg.com/@aws-sdk/util-uri-escape/-/util-uri-escape-3.168.0.tgz#82d479bd2f197bf25691371b1af5e66230b2e5e2"
  integrity sha512-EnNdhxRif4B4PM+CQcq+2s+dRiYVBPMZHZepq6W/eSOvZfW/T8BvDjUzRW9NjGV/Ld3XKk6dMuoWmBKt7J6I7g==
  dependencies:
    tslib "^2.3.1"

"@aws-sdk/util-user-agent-browser@3.168.0":
  version "3.168.0"
  resolved "https://registry.yarnpkg.com/@aws-sdk/util-user-agent-browser/-/util-user-agent-browser-3.168.0.tgz#b8c019d801698e3e9cfbd5c2f6ce3d5d2c48030e"
  integrity sha512-wh3E0FXLzCbpgsi/+NQn2dK/nD//lOKAndzyPsx1uXvKAiqQCkIqAPz5fiGuSkYBZHkjvRxTNSXjL+1tJn+lVQ==
  dependencies:
    "@aws-sdk/types" "3.168.0"
    bowser "^2.11.0"
    tslib "^2.3.1"

"@aws-sdk/util-user-agent-node@3.168.0":
  version "3.168.0"
  resolved "https://registry.yarnpkg.com/@aws-sdk/util-user-agent-node/-/util-user-agent-node-3.168.0.tgz#a151c2328412f545ba9a5d28883c1a6fe1807faf"
  integrity sha512-grL671IO1kkAD3BjofoN0SJE0ldrHjEbevIa4i9eif/Y3LIoCgmUP6tUtRzR7K9CDdjeGuvo0vJ9HfwZWH/B/g==
  dependencies:
    "@aws-sdk/node-config-provider" "3.168.0"
    "@aws-sdk/types" "3.168.0"
    tslib "^2.3.1"

"@aws-sdk/util-utf8-browser@3.168.0", "@aws-sdk/util-utf8-browser@^3.0.0":
  version "3.168.0"
  resolved "https://registry.yarnpkg.com/@aws-sdk/util-utf8-browser/-/util-utf8-browser-3.168.0.tgz#28b3430c97410e2974dc2f26c2dbeddc4d028bfe"
  integrity sha512-ZXEnVC/AcBdf2wQrITq4bkLnwiPKoBnhJwfPjZdpMHsDssKLquaHQf+QLOB/2s2U+jxl6c2Q7+rL4dv7x545Bg==
  dependencies:
    tslib "^2.3.1"

"@aws-sdk/util-utf8-node@3.168.0":
  version "3.168.0"
  resolved "https://registry.yarnpkg.com/@aws-sdk/util-utf8-node/-/util-utf8-node-3.168.0.tgz#7b28e256ad24d82d85ba7de0fe40fa9ab6c08d81"
  integrity sha512-m9EfLgh0QQrgJfuYowPQW2+a3f848F92cVTnCyeUtjiT59lkW9QPJhVVajRcfmNUUT4S/ikxvmkhzDzzMYH+gA==
  dependencies:
    "@aws-sdk/util-buffer-from" "3.168.0"
    tslib "^2.3.1"

"@aws-sdk/util-waiter@3.168.0":
  version "3.168.0"
  resolved "https://registry.yarnpkg.com/@aws-sdk/util-waiter/-/util-waiter-3.168.0.tgz#0138d481d115dd99b3a1d42ccd59a284c2ee82c5"
  integrity sha512-RdUapfJHeqjVeFtafKY+PLvKxEKi2IS+rt475YRoDGqzTegJLV1BO89j4wq/VWyGVljvpRI2/6RqG2Q0K/ozPA==
  dependencies:
    "@aws-sdk/abort-controller" "3.168.0"
    "@aws-sdk/types" "3.168.0"
    tslib "^2.3.1"

"@types/ramda@^0.28.15":
  version "0.28.15"
  resolved "https://registry.yarnpkg.com/@types/ramda/-/ramda-0.28.15.tgz#36bb4c8de430e3bbcd29590537569aef64409716"
  integrity sha512-FCaLNVZry65jW8x/FDnKgjgkCNQxgc5AYMQwdNn6yW5M+62R+0nt2Y36U43dTNora9hcquemfrY5gxhE5pcilQ==
  dependencies:
    ts-toolbelt "^6.15.1"

bowser@^2.11.0:
  version "2.11.0"
  resolved "https://registry.yarnpkg.com/bowser/-/bowser-2.11.0.tgz#5ca3c35757a7aa5771500c70a73a9f91ef420a8f"
  integrity sha512-AlcaJBi/pqqJBIQ8U9Mcpc9i8Aqxn88Skv5d+xBX006BY5u8N3mGLHa5Lgppa7L/HfwgwLgZ6NYs+Ag6uUmJRA==

entities@2.2.0:
  version "2.2.0"
  resolved "https://registry.yarnpkg.com/entities/-/entities-2.2.0.tgz#098dc90ebb83d8dffa089d55256b351d34c4da55"
  integrity sha512-p92if5Nz619I0w+akJrLZH0MX0Pb5DX39XOwQTtXSdQQOaYH03S1uIQp4mhOZtAXrxq4ViO67YTiLBo2638o9A==

fast-xml-parser@3.19.0:
  version "3.19.0"
  resolved "https://registry.yarnpkg.com/fast-xml-parser/-/fast-xml-parser-3.19.0.tgz#cb637ec3f3999f51406dd8ff0e6fc4d83e520d01"
  integrity sha512-4pXwmBplsCPv8FOY1WRakF970TjNGnGnfbOnLqjlYvMiF1SR3yOHyxMR/YCXpPTOspNF5gwudqktIP4VsWkvBg==

ramda@^0.28.0:
  version "0.28.0"
  resolved "https://registry.yarnpkg.com/ramda/-/ramda-0.28.0.tgz#acd785690100337e8b063cab3470019be427cc97"
  integrity sha512-9QnLuG/kPVgWvMQ4aODhsBUFKOUmnbUnsSXACv+NCQZcHbeb+v8Lodp8OVxtRULN1/xOyYLLaL6npE6dMq5QTA==

ts-toolbelt@^6.15.1:
  version "6.15.5"
  resolved "https://registry.yarnpkg.com/ts-toolbelt/-/ts-toolbelt-6.15.5.tgz#cb3b43ed725cb63644782c64fbcad7d8f28c0a83"
  integrity sha512-FZIXf1ksVyLcfr7M317jbB67XFJhOO1YqdTcuGaq9q5jLUoTikukZ+98TPjKiP2jC5CgmYdWWYs0s2nLSU0/1A==

tslib@^1.11.1:
  version "1.14.1"
  resolved "https://registry.yarnpkg.com/tslib/-/tslib-1.14.1.tgz#cf2d38bdc34a134bcaf1091c41f6619e2f672d00"
  integrity sha512-Xni35NKzjgMrwevysHTCArtLDpPvye8zV/0E4EyYn43P7/7qvQwPh9BGkHewbMulVntbigmcT7rdX3BNo9wRJg==

tslib@^2.3.1:
  version "2.4.0"
  resolved "https://registry.yarnpkg.com/tslib/-/tslib-2.4.0.tgz#7cecaa7f073ce680a05847aa77be941098f36dc3"
  integrity sha512-d6xOpEDfsi2CZVlPQzGeux8XMwLT9hssAsaPYExaQMuYskwb+x1x7J371tWlbBdWHroy99KnVB6qIkUbs5X3UQ==

uuid@^8.3.2:
  version "8.3.2"
  resolved "https://registry.yarnpkg.com/uuid/-/uuid-8.3.2.tgz#80d5b5ced271bb9af6c445f21a1a04c606cefbe2"
  integrity sha512-+NYs2QeMWy+GWFOEm9xnn6HCDp0l7QBD7ml8zLUmJ+93Q5NF0NocErnwkTkXVFNiX3/fpC6afS8Dhb/gz7R7eg==
