
Microsoft Visual Studio Solution File, Format Version 12.00
# Visual Studio Version 17
VisualStudioVersion = 17.2.32616.157
MinimumVisualStudioVersion = 10.0.40219.1
Project("{9A19103F-16F7-4668-BE54-9A1E7A4F7556}") = "AutoScale_Basics", "AutoScale_Basics\AutoScale_Basics.csproj", "{891E079C-B295-4439-8718-C8FF16F0D2AD}"
EndProject
Project("{FAE04EC0-301F-11D3-BF4B-00C04F79EFBC}") = "AutoScale_BasicsTests", "AutoScale_BasicsTests\AutoScale_BasicsTests.csproj", "{357D5324-29A5-45C8-9702-573A2E3BDC31}"
EndProject
Global
	GlobalSection(SolutionConfigurationPlatforms) = preSolution
		Debug|Any CPU = Debug|Any CPU
		Release|Any CPU = Release|Any CPU
	EndGlobalSection
	GlobalSection(ProjectConfigurationPlatforms) = postSolution
		{891E079C-B295-4439-8718-C8FF16F0D2AD}.Debug|Any CPU.ActiveCfg = Debug|Any CPU
		{891E079C-B295-4439-8718-C8FF16F0D2AD}.Debug|Any CPU.Build.0 = Debug|Any CPU
		{891E079C-B295-4439-8718-C8FF16F0D2AD}.Release|Any CPU.ActiveCfg = Release|Any CPU
		{891E079C-B295-4439-8718-C8FF16F0D2AD}.Release|Any CPU.Build.0 = Release|Any CPU
		{357D5324-29A5-45C8-9702-573A2E3BDC31}.Debug|Any CPU.ActiveCfg = Debug|Any CPU
		{357D5324-29A5-45C8-9702-573A2E3BDC31}.Debug|Any CPU.Build.0 = Debug|Any CPU
		{357D5324-29A5-45C8-9702-573A2E3BDC31}.Release|Any CPU.ActiveCfg = Release|Any CPU
		{357D5324-29A5-45C8-9702-573A2E3BDC31}.Release|Any CPU.Build.0 = Release|Any CPU
	EndGlobalSection
	GlobalSection(SolutionProperties) = preSolution
		HideSolutionNode = FALSE
	EndGlobalSection
	GlobalSection(ExtensibilityGlobals) = postSolution
		SolutionGuid = {50392892-4D6A-41F4-8A5E-6C0495AF4CA1}
	EndGlobalSection
EndGlobal
